// !$*UTF8*$!
{
	archiveVersion = 1;
	classes = {
	};
	objectVersion = 77;
	objects = {

/* Begin PBXBuildFile section */
		00B4072E51F6715A46064D80 /* MotionFieldModel.swift in Sources */ = {isa = PBXBuildFile; fileRef = 7E0B060E918608EBA1721981 /* MotionFieldModel.swift */; };
		0214A77A0FFCB9ED57DB2183 /* LiveCameraService.swift in Sources */ = {isa = PBXBuildFile; fileRef = B0ADCB3A58FBEC5C0450A059 /* LiveCameraService.swift */; };
		0257D5700FA4C3494F202E3F /* MockCaptureMotionService.swift in Sources */ = {isa = PBXBuildFile; fileRef = 60B8804566A58E674766E925 /* MockCaptureMotionService.swift */; };
		07CE3DA12048AD23FC41D2EC /* RemoteUnderstandingProvider.swift in Sources */ = {isa = PBXBuildFile; fileRef = 720A705BCC018533FA13CAD9 /* RemoteUnderstandingProvider.swift */; };
		0845C6F210CEF677B3742D77 /* PosterZoomTransition.swift in Sources */ = {isa = PBXBuildFile; fileRef = 02F8C71E335F95A71BF31A8E /* PosterZoomTransition.swift */; };
		0A56FAE1159C187BEF363115 /* FUMIRALiveActivityBundle.swift in Sources */ = {isa = PBXBuildFile; fileRef = 5A7DC07F5D99115EA52CBEAA /* FUMIRALiveActivityBundle.swift */; };
		0D92DE595FF455FD4B825C78 /* CameraCompositionGeometryTests.swift in Sources */ = {isa = PBXBuildFile; fileRef = F4FE2AF4AD4398B2C717EB85 /* CameraCompositionGeometryTests.swift */; };
		0EBB9147A09ED73A0B3166DB /* FutureCamBody.swift in Sources */ = {isa = PBXBuildFile; fileRef = A5823D95D80053245EE90DC6 /* FutureCamBody.swift */; };
		0F7F38450F6A3BA034C6FC94 /* PosterEffects.swift in Sources */ = {isa = PBXBuildFile; fileRef = 422AD39779F43E2D65A911F8 /* PosterEffects.swift */; };
		111C4C5E5660EE65FB3D1237 /* TimeAnchorReticle.swift in Sources */ = {isa = PBXBuildFile; fileRef = EE9968CBCB5690124CB1E262 /* TimeAnchorReticle.swift */; };
		115C1FA7039FA86188E7D076 /* CameraLiveActivityWidget.swift in Sources */ = {isa = PBXBuildFile; fileRef = 8EF77E2A66A4FD9A6183F059 /* CameraLiveActivityWidget.swift */; };
		1245BDCD7EC1C8CB446A703A /* FUMIRAApp.swift in Sources */ = {isa = PBXBuildFile; fileRef = E39E84C5D38FBD2F94A20BD0 /* FUMIRAApp.swift */; };
		12C9D83DA994864961101ADE /* UploadImageEncoder.swift in Sources */ = {isa = PBXBuildFile; fileRef = D65EE3766769108908928C9B /* UploadImageEncoder.swift */; };
		1530F190F2B4FA42E6129688 /* DisconnectedView.swift in Sources */ = {isa = PBXBuildFile; fileRef = 1A868C0364905B23A4930097 /* DisconnectedView.swift */; };
		153899DEFBC77D8742FE41F3 /* AppModelTests.swift in Sources */ = {isa = PBXBuildFile; fileRef = 92A1E412E1C3188F58E64045 /* AppModelTests.swift */; };
		17028B42E2C1DB653D0FBA9D /* Pow in Frameworks */ = {isa = PBXBuildFile; productRef = 1E9CD90E9C8B381A4C9E5F67 /* Pow */; };
		17600795A63F7514E0E24543 /* AIModelCatalogProvider.swift in Sources */ = {isa = PBXBuildFile; fileRef = 4713B2304639B23F842E56AF /* AIModelCatalogProvider.swift */; };
		191BB6F1E6E09C0B8DDFA2E6 /* PhotoImportAdapterTests.swift in Sources */ = {isa = PBXBuildFile; fileRef = 41CA81EFBD85C8A98C9F622A /* PhotoImportAdapterTests.swift */; };
		1998F5BC3E7367402AD9A4D4 /* CameraCompositionGeometry.swift in Sources */ = {isa = PBXBuildFile; fileRef = 90314E852788ABF1D6EBA7E3 /* CameraCompositionGeometry.swift */; };
		1EFD6FA595EEE33E8A381498 /* HapticsClient.swift in Sources */ = {isa = PBXBuildFile; fileRef = 008AB16B3E586143B6C32988 /* HapticsClient.swift */; };
		23CCFD4E047B40C404BD4F16 /* ImageUnderstandingProvider.swift in Sources */ = {isa = PBXBuildFile; fileRef = 9A45305C154BB18C7AE5BDEB /* ImageUnderstandingProvider.swift */; };
		283BD0A056F1860814BCDD0E /* PosterExportCard.swift in Sources */ = {isa = PBXBuildFile; fileRef = 97AAEF798A063ED932262263 /* PosterExportCard.swift */; };
		29D9DC65D7062DCCB884557B /* TimePositionTests.swift in Sources */ = {isa = PBXBuildFile; fileRef = 965576AD9AA198B9925C4116 /* TimePositionTests.swift */; };
		2B830D00B603C23888404BBD /* ResultRevealUITests.swift in Sources */ = {isa = PBXBuildFile; fileRef = DF6FC703372F3750F1381293 /* ResultRevealUITests.swift */; };
		2CC731C7ECA5160DA534F449 /* CaptureMotionProviding.swift in Sources */ = {isa = PBXBuildFile; fileRef = 60AADE13F7AA67EC5612F18B /* CaptureMotionProviding.swift */; };
		30ABDD4BDD1B0A16219DB349 /* PosterZoomID.swift in Sources */ = {isa = PBXBuildFile; fileRef = B687965D4D82A26CE5F78AB3 /* PosterZoomID.swift */; };
		32A7E40906ED936B1936AE68 /* PosterMotion.swift in Sources */ = {isa = PBXBuildFile; fileRef = BC3C5474B0B8D27C0DDBB963 /* PosterMotion.swift */; };
		346647DD342F7ADBF2D8EA3C /* RemoteGenerationProvider.swift in Sources */ = {isa = PBXBuildFile; fileRef = 7E9FE19485E8A63606DD35E5 /* RemoteGenerationProvider.swift */; };
		38831A33FFE897593276E173 /* CameraControlTests.swift in Sources */ = {isa = PBXBuildFile; fileRef = 2ACAAB097318CD718D04F680 /* CameraControlTests.swift */; };
		3908E4C88F468F19057E6ACC /* TemporalPhotoCard.swift in Sources */ = {isa = PBXBuildFile; fileRef = 1FA3B59BA1AF188D099168FB /* TemporalPhotoCard.swift */; };
		396FFEE2B899571D830BC74C /* HeroPhotoSlot.swift in Sources */ = {isa = PBXBuildFile; fileRef = 1E96B4960353253FCA8384EC /* HeroPhotoSlot.swift */; };
		3A6F24EB11DF17E741B25BBF /* PosterStorage.swift in Sources */ = {isa = PBXBuildFile; fileRef = 7C2FEAF2D6EE3D56DFAFAC63 /* PosterStorage.swift */; };
		3B29195E9A9CB95EFECDD2A0 /* GenerationErrorTests.swift in Sources */ = {isa = PBXBuildFile; fileRef = 9EC3A6EA4A95C7C7FE8503E2 /* GenerationErrorTests.swift */; };
		427B9DB889E150F99063BB33 /* ViewfinderAspectGestureUITests.swift in Sources */ = {isa = PBXBuildFile; fileRef = D2303A0C4CDB44B2CDBE543B /* ViewfinderAspectGestureUITests.swift */; };
		453E45CA81C676086F6F562D /* FUMIRA-icon.icon in Resources */ = {isa = PBXBuildFile; fileRef = A92CCCC2BA1757C3B2B820D8 /* FUMIRA-icon.icon */; };
		4703F97A2A735586256C0748 /* TemporalParkScene.swift in Sources */ = {isa = PBXBuildFile; fileRef = 8BC40CE8A4FDD8D6BF6714AB /* TemporalParkScene.swift */; };
		471CB52A9E6D9398A217FDBC /* Assets.xcassets in Resources */ = {isa = PBXBuildFile; fileRef = 6DCD765D349D795C07B9A771 /* Assets.xcassets */; };
		4804585C954CD7F3779B5DAD /* FUMIRALiveActivity.appex in Embed Foundation Extensions */ = {isa = PBXBuildFile; fileRef = 87642B857DE795DFCEA95B4D /* FUMIRALiveActivity.appex */; settings = {ATTRIBUTES = (RemoveHeadersOnCopy, ); }; };
		4879FF0213249ACC4AB791ED /* FlatMotion.swift in Sources */ = {isa = PBXBuildFile; fileRef = F3910C0B76C6DCBE6C3FC287 /* FlatMotion.swift */; };
		48D60CF0C87B08310E1D84AE /* CoreMotionFieldService.swift in Sources */ = {isa = PBXBuildFile; fileRef = 4B87CAC950CA323970DFBE50 /* CoreMotionFieldService.swift */; };
		4B137517196AD141E139AE97 /* CameraLiveActivityAttributes.swift in Sources */ = {isa = PBXBuildFile; fileRef = 89DBE5E6011F2A13CDFEE4D9 /* CameraLiveActivityAttributes.swift */; };
		4C6B1AB910D17FA656776A7B /* SceneLayerAnalyzing.swift in Sources */ = {isa = PBXBuildFile; fileRef = EA587D6C9E9E262090BBAE69 /* SceneLayerAnalyzing.swift */; };
		4CB2299257735711AAD95022 /* PosterComposer.swift in Sources */ = {isa = PBXBuildFile; fileRef = 9E1D21376F5EC41FF13568E4 /* PosterComposer.swift */; };
		4E26490CC1A2F57B62812901 /* SharePosterView.swift in Sources */ = {isa = PBXBuildFile; fileRef = 3C17BFDA29992D70384CE0E3 /* SharePosterView.swift */; };
		4FCA40A3A47EACB39B2A03A1 /* FlatMotionTests.swift in Sources */ = {isa = PBXBuildFile; fileRef = BB27943F8B0DFA1835942A55 /* FlatMotionTests.swift */; };
		51BAA8856D5C54E63C1BA02C /* RealityDevelopingUITests.swift in Sources */ = {isa = PBXBuildFile; fileRef = 2D26869E24506B6C960F34D1 /* RealityDevelopingUITests.swift */; };
		5369ECBF03E011DBB5798154 /* SpatialDepthLayer.swift in Sources */ = {isa = PBXBuildFile; fileRef = FBAE072E701429A1DB374EE2 /* SpatialDepthLayer.swift */; };
		5392923DA5EB8A68A1E21131 /* CameraPreviewFactory.swift in Sources */ = {isa = PBXBuildFile; fileRef = F48A9778F8AA6121B7B3623F /* CameraPreviewFactory.swift */; };
		55FD4A836D87F4FDD4E2EE97 /* ResultView.swift in Sources */ = {isa = PBXBuildFile; fileRef = FE41698ABAA3DB4B8FB3DB7F /* ResultView.swift */; };
		583EE574E6A1116210347351 /* PosterTypography.swift in Sources */ = {isa = PBXBuildFile; fileRef = EB1C46339D067C8F2F24BEB7 /* PosterTypography.swift */; };
		5B85BAE627312FA9F792564B /* ApertureTransitionOverlay.swift in Sources */ = {isa = PBXBuildFile; fileRef = 6AE458687454A187F7CE6DCE /* ApertureTransitionOverlay.swift */; };
		5C981CE67CA765E46E280B96 /* WaveTimeRollPhysics.swift in Sources */ = {isa = PBXBuildFile; fileRef = 20EA7CD33A5C4B1CD87281C5 /* WaveTimeRollPhysics.swift */; };
		5D698237F36A50EB094BB245 /* MockMotionFieldService.swift in Sources */ = {isa = PBXBuildFile; fileRef = 223D9E8B797C31FEADC29745 /* MockMotionFieldService.swift */; };
		5D9E7D200C99FDFE8B404FDC /* CameraEntryPortal.swift in Sources */ = {isa = PBXBuildFile; fileRef = D8150F52A1C4941F989D843E /* CameraEntryPortal.swift */; };
		5DAF0C420C2C998697504856 /* TimePosition.swift in Sources */ = {isa = PBXBuildFile; fileRef = 8DB1CEF2A388FCB57CEF5828 /* TimePosition.swift */; };
		61CFA8E20BD704C3C5C87A4C /* ConnectionFeedbackView.swift in Sources */ = {isa = PBXBuildFile; fileRef = 3B3EFE914BB920EA3A5D9353 /* ConnectionFeedbackView.swift */; };
		67CEAFFFB4F728E029B955AF /* HardwareController.swift in Sources */ = {isa = PBXBuildFile; fileRef = B6EAFC12F5589EFDF64C7596 /* HardwareController.swift */; };
		68CD0D4CE1424C6724923DB3 /* CoreCaptureMotionService.swift in Sources */ = {isa = PBXBuildFile; fileRef = C5424EB8310CD47651E69E68 /* CoreCaptureMotionService.swift */; };
		6B9F437DA2C42C355157BE52 /* HeroPhotoSurface.swift in Sources */ = {isa = PBXBuildFile; fileRef = F1201C603B55FFB051E84EE9 /* HeroPhotoSurface.swift */; };
		6BEEF715C8AC2E660E4EDEA3 /* PosterPressStyle.swift in Sources */ = {isa = PBXBuildFile; fileRef = D59E406EC4019E7A3F0784BC /* PosterPressStyle.swift */; };
		6CDDE3D306B7E8B827CF3D06 /* AIModelConfigurationStore.swift in Sources */ = {isa = PBXBuildFile; fileRef = 4F62345CBFEE6F4C9C8552DE /* AIModelConfigurationStore.swift */; };
		6D78B97534626A914C4FEBC9 /* CameraCompositionCorners.swift in Sources */ = {isa = PBXBuildFile; fileRef = 7F2E4583BE754E45975EDC9B /* CameraCompositionCorners.swift */; };
		6E687B38ACD5602C1741AFBE /* MotionTimeline.swift in Sources */ = {isa = PBXBuildFile; fileRef = 6C3FF3398A5E1071A44D1179 /* MotionTimeline.swift */; };
		7098042EC676833F21DE70EE /* AppPhase.swift in Sources */ = {isa = PBXBuildFile; fileRef = 7679B4DA494ADD2A005C24BF /* AppPhase.swift */; };
		712440EB96D62CDF09B0E02E /* StoryProvider.swift in Sources */ = {isa = PBXBuildFile; fileRef = 426AD81CA8813B1754B8E854 /* StoryProvider.swift */; };
		71545CA1C3154C6ED91EE0E9 /* ShutterFeedbackView.swift in Sources */ = {isa = PBXBuildFile; fileRef = 32DC55D3AB69BA24981B65BA /* ShutterFeedbackView.swift */; };
		73F785565CE27C7C701ECEC0 /* FUMIRASpatialMotion.swift in Sources */ = {isa = PBXBuildFile; fileRef = FD43AC89F787A9E0FD5171AE /* FUMIRASpatialMotion.swift */; };
		76EA13255D436214BDC7113E /* AIModelConfiguration.swift in Sources */ = {isa = PBXBuildFile; fileRef = 8EFAE1493CFFB64DAA59BBA5 /* AIModelConfiguration.swift */; };
		790C43F80CBE7459040C84C2 /* AppModel.swift in Sources */ = {isa = PBXBuildFile; fileRef = 91DBB78BA18D4224BAAA62DB /* AppModel.swift */; };
		79657053B048C247750F6272 /* CapturedPhotoView.swift in Sources */ = {isa = PBXBuildFile; fileRef = AD220E73C38AD63913E16F77 /* CapturedPhotoView.swift */; };
		7E61FA8E0DE6B0BD54ACDB08 /* RemoteStoryProvider.swift in Sources */ = {isa = PBXBuildFile; fileRef = 30FEB5A8653918B8E3544BFC /* RemoteStoryProvider.swift */; };
		7F39561E1031DD0D1D9CFA24 /* PosterSensory.swift in Sources */ = {isa = PBXBuildFile; fileRef = 39C08ABDA32DDFDB2DEDE233 /* PosterSensory.swift */; };
		893ED3BD26DACA8A44490226 /* ShutterWaveTimeRail.swift in Sources */ = {isa = PBXBuildFile; fileRef = 197CF52CE7B99367255DB079 /* ShutterWaveTimeRail.swift */; };
		8D7C09A0F492086A8085D30A /* SettingsUITests.swift in Sources */ = {isa = PBXBuildFile; fileRef = 17FE326D223B9F51279B0C89 /* SettingsUITests.swift */; };
		942B6DE24F1C52068B963912 /* PosterSymbolBounce.swift in Sources */ = {isa = PBXBuildFile; fileRef = 4B1367803A4250AF37CC0BB2 /* PosterSymbolBounce.swift */; };
		9439436B4518F9945C334FB1 /* TimeRevealMask.swift in Sources */ = {isa = PBXBuildFile; fileRef = 814CD11F5464ECC9CA91421E /* TimeRevealMask.swift */; };
		9720DF22794231F1B09A75F1 /* GenerationError.swift in Sources */ = {isa = PBXBuildFile; fileRef = 964FD3F17147C8FFDF9F9EA9 /* GenerationError.swift */; };
		980D4299B93AD7FD75419F55 /* MotionFieldProviding.swift in Sources */ = {isa = PBXBuildFile; fileRef = 34902E8D8AD5DD5B2AA85E04 /* MotionFieldProviding.swift */; };
		994F2E2E21A94CDB59350F12 /* CameraLiveActivityService.swift in Sources */ = {isa = PBXBuildFile; fileRef = 61B7E4813F1E32365A8517A4 /* CameraLiveActivityService.swift */; };
		99E754018208994ACDCC1A9F /* LiveHapticsClient.swift in Sources */ = {isa = PBXBuildFile; fileRef = B68E209854C77B7C12721DA8 /* LiveHapticsClient.swift */; };
		9C6C2BE30129463E504FA983 /* PosterStaggerReveal.swift in Sources */ = {isa = PBXBuildFile; fileRef = 9A85722097A9AA1D8A905ADF /* PosterStaggerReveal.swift */; };
		9CFA5CCAED0C6B13D9E5DDAA /* GenerationFailureView.swift in Sources */ = {isa = PBXBuildFile; fileRef = 9B5279CAFEEC36FF61D3AF1D /* GenerationFailureView.swift */; };
		9E8E3FC2EE80DC814A175CAC /* AIPipeline.swift in Sources */ = {isa = PBXBuildFile; fileRef = 5250C5671C43027FE916EC91 /* AIPipeline.swift */; };
		A105B28967391BB722D2F221 /* CameraPermissionView.swift in Sources */ = {isa = PBXBuildFile; fileRef = BB587C2F53ADF0E74815B86D /* CameraPermissionView.swift */; };
		A1427FB05CE0F83DA5D1B137 /* GenerationProvider.swift in Sources */ = {isa = PBXBuildFile; fileRef = 243297E75BDC73D76502065F /* GenerationProvider.swift */; };
		A20E9649B4306CC69280976A /* PosterScrollReveal.swift in Sources */ = {isa = PBXBuildFile; fileRef = 4285F02A53FEE7C33EB1C3B2 /* PosterScrollReveal.swift */; };
		A26BFB54FCF279A2E3838A68 /* TemporalCapturePacket.swift in Sources */ = {isa = PBXBuildFile; fileRef = 2240F0724F77FCB5239C8CDF /* TemporalCapturePacket.swift */; };
		A6C6E3D6BAEB618881A25AA6 /* FUMIRAAPIConfiguration.swift in Sources */ = {isa = PBXBuildFile; fileRef = 46B260D67CBA74B0AE4A3754 /* FUMIRAAPIConfiguration.swift */; };
		A717F6623B1629BF5821DDFE /* PosterGlassButton.swift in Sources */ = {isa = PBXBuildFile; fileRef = 76B5F94A3104D40C544DFABA /* PosterGlassButton.swift */; };
		AC3DE3CD08F90EB6BBDD424C /* PosterCapsuleButton.swift in Sources */ = {isa = PBXBuildFile; fileRef = A795369647DCD3796D878054 /* PosterCapsuleButton.swift */; };
		ACF8DFBE1359040E90080C01 /* PhotoDropLanding.swift in Sources */ = {isa = PBXBuildFile; fileRef = 4754810FFE0687FC7CD3F903 /* PhotoDropLanding.swift */; };
		B136E911C8319B079CD18F7B /* PhaseTransition.swift in Sources */ = {isa = PBXBuildFile; fileRef = 38E8FAC30622AD50DE1F54BB /* PhaseTransition.swift */; };
		B2BB6D120859B9973A9EDAF4 /* SpatialTransformModifier.swift in Sources */ = {isa = PBXBuildFile; fileRef = 937A9257B4C43E001A86978A /* SpatialTransformModifier.swift */; };
		B3D00D8398D92380641E1203 /* CaptureMotionModel.swift in Sources */ = {isa = PBXBuildFile; fileRef = 2E5E1F802FBFE50C99CE9FF8 /* CaptureMotionModel.swift */; };
		BD1DE2ACD3880490DA320C6F /* CameraLiveActivityTests.swift in Sources */ = {isa = PBXBuildFile; fileRef = B488656CA9757ABE0CE4EA51 /* CameraLiveActivityTests.swift */; };
		BF25445760A1065F5E5ABDA4 /* TimeRevealRipple.swift in Sources */ = {isa = PBXBuildFile; fileRef = 1EEBD4D58501633F4739EA36 /* TimeRevealRipple.swift */; };
		C1931BC63CE485B144EF24FF /* VisionSceneLayerAnalyzer.swift in Sources */ = {isa = PBXBuildFile; fileRef = C97AAAFCA7F6DD265A50779C /* VisionSceneLayerAnalyzer.swift */; };
		C4D3B86795A57B78A821B0BC /* GenerationProgressRow.swift in Sources */ = {isa = PBXBuildFile; fileRef = 670990386321679E71318ECF /* GenerationProgressRow.swift */; };
		C5779E4D103E1FC70AE578DC /* CameraService.swift in Sources */ = {isa = PBXBuildFile; fileRef = 6755348B723E1E2090544371 /* CameraService.swift */; };
		C59AB02FBEDD3646F288B73A /* PosterSpacing.swift in Sources */ = {isa = PBXBuildFile; fileRef = BEA2A9A9092D954539CE47D8 /* PosterSpacing.swift */; };
		CAF2D2057ECE7EA5A68C9455 /* PosterStaggerEntrance.swift in Sources */ = {isa = PBXBuildFile; fileRef = B4091E258118976ACAAE58F5 /* PosterStaggerEntrance.swift */; };
		CC9564F3F5A7240742019CC3 /* ViewfinderView.swift in Sources */ = {isa = PBXBuildFile; fileRef = F6CB6750024A152A0CB217B3 /* ViewfinderView.swift */; };
		D0BA2028CA6E88BDC14C1229 /* FlatParallaxModifier.swift in Sources */ = {isa = PBXBuildFile; fileRef = DD5015FC8AE6F9707D40CA84 /* FlatParallaxModifier.swift */; };
		D5D7D29F0CE2D8BBE3249FDA /* CameraLiveActivityAttributes.swift in Sources */ = {isa = PBXBuildFile; fileRef = 89DBE5E6011F2A13CDFEE4D9 /* CameraLiveActivityAttributes.swift */; };
		D634280455F3F1B7470120B4 /* StatusPill.swift in Sources */ = {isa = PBXBuildFile; fileRef = 4C0A9D8D00C482FFD912D66F /* StatusPill.swift */; };
		D6343860654B84A0E7610C59 /* PosterRadius.swift in Sources */ = {isa = PBXBuildFile; fileRef = 6F813C0AC9E3A3902A11C9EF /* PosterRadius.swift */; };
		D8D851644761BE458BF9017F /* ParkPosterBackdrop.swift in Sources */ = {isa = PBXBuildFile; fileRef = 724CAB8C6F863D8E663A1F70 /* ParkPosterBackdrop.swift */; };
		D95241D281492B368518AA4D /* PosterKeywordHero.swift in Sources */ = {isa = PBXBuildFile; fileRef = 3F9F6B961BAA532E0F0034BB /* PosterKeywordHero.swift */; };
		DAC276DB674D1491F9A60A9A /* PhotoImportAdapter.swift in Sources */ = {isa = PBXBuildFile; fileRef = 9F2F7FE7C4895729281A4B67 /* PhotoImportAdapter.swift */; };
		DAC5CF90465E60FE3F7964FA /* TimeRail.swift in Sources */ = {isa = PBXBuildFile; fileRef = 1B4DBEB01EEBBFABC55442D7 /* TimeRail.swift */; };
		DB1FFB0E6083B353899FA1E0 /* BluetoothPermissionView.swift in Sources */ = {isa = PBXBuildFile; fileRef = 5E18BF1C7346B1EED368BA24 /* BluetoothPermissionView.swift */; };
		E09FDF7D0D01BA9998A2DD3B /* RootView.swift in Sources */ = {isa = PBXBuildFile; fileRef = CD55939FA9AED9CA1F176218 /* RootView.swift */; };
		E234B574678CF28B21321117 /* PosterTitleView.swift in Sources */ = {isa = PBXBuildFile; fileRef = 042888D8DFC9DAF2FF94C7FE /* PosterTitleView.swift */; };
		E246CC9D0E73A9BD63C7C7C9 /* MockSceneLayerAnalyzer.swift in Sources */ = {isa = PBXBuildFile; fileRef = 43230620E5CFF5185E452A35 /* MockSceneLayerAnalyzer.swift */; };
		E37BC06098613AAFAD117F89 /* WaveTimeRail.swift in Sources */ = {isa = PBXBuildFile; fileRef = 8765ECEB8AD104AC0655B09E /* WaveTimeRail.swift */; };
		E575D52C3A42AC81B9021D7D /* CameraCaptureDepartureChrome.swift in Sources */ = {isa = PBXBuildFile; fileRef = 78F07C9F71DD1925883FDE8A /* CameraCaptureDepartureChrome.swift */; };
		EB3F790DACC707A6A7CDE9FD /* ConnectionView.swift in Sources */ = {isa = PBXBuildFile; fileRef = 0827B783C9AB999B8B2F7667 /* ConnectionView.swift */; };
		EF91FA15A8DA811F2A27B032 /* WaveTimeBrowseSnapTests.swift in Sources */ = {isa = PBXBuildFile; fileRef = FC18E6851860DBA0AF463F12 /* WaveTimeBrowseSnapTests.swift */; };
		F1B0C35BDB2E3132AD68B709 /* ModelSettingsView.swift in Sources */ = {isa = PBXBuildFile; fileRef = 8E9AAD2C14EDA1F4E2C259F8 /* ModelSettingsView.swift */; };
		F1BBB76E9EFF8003936E8237 /* NarrativeAnchorMarker.swift in Sources */ = {isa = PBXBuildFile; fileRef = 1EB9989F8A6A242C692D91E0 /* NarrativeAnchorMarker.swift */; };
		F2133F285E252EEC81C215E4 /* PosterShareTests.swift in Sources */ = {isa = PBXBuildFile; fileRef = 4979E34192BD4BB857653B33 /* PosterShareTests.swift */; };
		F3A064B6FCA1C2D795F91FC5 /* GenerationState.swift in Sources */ = {isa = PBXBuildFile; fileRef = 09DDDE905B093FADE1CBA842 /* GenerationState.swift */; };
		F4F3244AEDAFBD874E8A516E /* PosterScreenContainer.swift in Sources */ = {isa = PBXBuildFile; fileRef = 3F7B61D89FF2DAB3CD8E4B34 /* PosterScreenContainer.swift */; };
		F52BB40AD845207CF1B3A517 /* PosterPalette.swift in Sources */ = {isa = PBXBuildFile; fileRef = 3D9D3F8455A03C4D1CA12455 /* PosterPalette.swift */; };
		F6B7AE94AF7E3431AA213088 /* CaptureSession.swift in Sources */ = {isa = PBXBuildFile; fileRef = CDFE6846CCEDC140DF182C65 /* CaptureSession.swift */; };
		F9730B97FC743E74ADE6861C /* CameraChromeButton.swift in Sources */ = {isa = PBXBuildFile; fileRef = 01F15A56D8DBF7FFFE8BE2EF /* CameraChromeButton.swift */; };
		FA5A450417E8AF3A398CE5BE /* PreviewFixtures.swift in Sources */ = {isa = PBXBuildFile; fileRef = 6A3A04D835B66D1D74D6466F /* PreviewFixtures.swift */; };
		FB29E68E938C0261ECF87D3C /* RealityDevelopingView.swift in Sources */ = {isa = PBXBuildFile; fileRef = 974B4B8EAE1907005571375A /* RealityDevelopingView.swift */; };
		FD84F6326AE5F6F88DC908D3 /* PosterBreath.swift in Sources */ = {isa = PBXBuildFile; fileRef = D8058176375A98A66217D33A /* PosterBreath.swift */; };
		FF2048F8237E37B5C20D977E /* AppDependencies.swift in Sources */ = {isa = PBXBuildFile; fileRef = 2029A8DCB17762A2BA51821F /* AppDependencies.swift */; };
/* End PBXBuildFile section */

/* Begin PBXContainerItemProxy section */
		31167C4B9530BDBA4F83C2F8 /* PBXContainerItemProxy */ = {
			isa = PBXContainerItemProxy;
			containerPortal = D89F7AE61C7C94BFF8044235 /* Project object */;
			proxyType = 1;
			remoteGlobalIDString = 763293B02EE36BA7C9164B1E;
			remoteInfo = FUMIRA;
		};
		3F8BC414DFD79F72479E6960 /* PBXContainerItemProxy */ = {
			isa = PBXContainerItemProxy;
			containerPortal = D89F7AE61C7C94BFF8044235 /* Project object */;
			proxyType = 1;
			remoteGlobalIDString = 9B860753907F1FDAD0AF876F;
			remoteInfo = FUMIRALiveActivity;
		};
		9DFB6CA6ECE73FB085564BD3 /* PBXContainerItemProxy */ = {
			isa = PBXContainerItemProxy;
			containerPortal = D89F7AE61C7C94BFF8044235 /* Project object */;
			proxyType = 1;
			remoteGlobalIDString = 763293B02EE36BA7C9164B1E;
			remoteInfo = FUMIRA;
		};
/* End PBXContainerItemProxy section */

/* Begin PBXCopyFilesBuildPhase section */
		88DC1F23C71DA94FC4356A01 /* Embed Foundation Extensions */ = {
			isa = PBXCopyFilesBuildPhase;
			buildActionMask = 2147483647;
			dstPath = "";
			dstSubfolderSpec = 13;
			files = (
				4804585C954CD7F3779B5DAD /* FUMIRALiveActivity.appex in Embed Foundation Extensions */,
			);
			name = "Embed Foundation Extensions";
			runOnlyForDeploymentPostprocessing = 0;
		};
/* End PBXCopyFilesBuildPhase section */

/* Begin PBXFileReference section */
		008AB16B3E586143B6C32988 /* HapticsClient.swift */ = {isa = PBXFileReference; lastKnownFileType = sourcecode.swift; path = HapticsClient.swift; sourceTree = "<group>"; };
		01F15A56D8DBF7FFFE8BE2EF /* CameraChromeButton.swift */ = {isa = PBXFileReference; lastKnownFileType = sourcecode.swift; path = CameraChromeButton.swift; sourceTree = "<group>"; };
		02F8C71E335F95A71BF31A8E /* PosterZoomTransition.swift */ = {isa = PBXFileReference; lastKnownFileType = sourcecode.swift; path = PosterZoomTransition.swift; sourceTree = "<group>"; };
		042888D8DFC9DAF2FF94C7FE /* PosterTitleView.swift */ = {isa = PBXFileReference; lastKnownFileType = sourcecode.swift; path = PosterTitleView.swift; sourceTree = "<group>"; };
		0827B783C9AB999B8B2F7667 /* ConnectionView.swift */ = {isa = PBXFileReference; lastKnownFileType = sourcecode.swift; path = ConnectionView.swift; sourceTree = "<group>"; };
		09DDDE905B093FADE1CBA842 /* GenerationState.swift */ = {isa = PBXFileReference; lastKnownFileType = sourcecode.swift; path = GenerationState.swift; sourceTree = "<group>"; };
		17FE326D223B9F51279B0C89 /* SettingsUITests.swift */ = {isa = PBXFileReference; lastKnownFileType = sourcecode.swift; path = SettingsUITests.swift; sourceTree = "<group>"; };
		197CF52CE7B99367255DB079 /* ShutterWaveTimeRail.swift */ = {isa = PBXFileReference; lastKnownFileType = sourcecode.swift; path = ShutterWaveTimeRail.swift; sourceTree = "<group>"; };
		1A868C0364905B23A4930097 /* DisconnectedView.swift */ = {isa = PBXFileReference; lastKnownFileType = sourcecode.swift; path = DisconnectedView.swift; sourceTree = "<group>"; };
		1B4DBEB01EEBBFABC55442D7 /* TimeRail.swift */ = {isa = PBXFileReference; lastKnownFileType = sourcecode.swift; path = TimeRail.swift; sourceTree = "<group>"; };
		1E96B4960353253FCA8384EC /* HeroPhotoSlot.swift */ = {isa = PBXFileReference; lastKnownFileType = sourcecode.swift; path = HeroPhotoSlot.swift; sourceTree = "<group>"; };
		1EB9989F8A6A242C692D91E0 /* NarrativeAnchorMarker.swift */ = {isa = PBXFileReference; lastKnownFileType = sourcecode.swift; path = NarrativeAnchorMarker.swift; sourceTree = "<group>"; };
		1EEBD4D58501633F4739EA36 /* TimeRevealRipple.swift */ = {isa = PBXFileReference; lastKnownFileType = sourcecode.swift; path = TimeRevealRipple.swift; sourceTree = "<group>"; };
		1FA3B59BA1AF188D099168FB /* TemporalPhotoCard.swift */ = {isa = PBXFileReference; lastKnownFileType = sourcecode.swift; path = TemporalPhotoCard.swift; sourceTree = "<group>"; };
		2029A8DCB17762A2BA51821F /* AppDependencies.swift */ = {isa = PBXFileReference; lastKnownFileType = sourcecode.swift; path = AppDependencies.swift; sourceTree = "<group>"; };
		20EA7CD33A5C4B1CD87281C5 /* WaveTimeRollPhysics.swift */ = {isa = PBXFileReference; lastKnownFileType = sourcecode.swift; path = WaveTimeRollPhysics.swift; sourceTree = "<group>"; };
		223D9E8B797C31FEADC29745 /* MockMotionFieldService.swift */ = {isa = PBXFileReference; lastKnownFileType = sourcecode.swift; path = MockMotionFieldService.swift; sourceTree = "<group>"; };
		2240F0724F77FCB5239C8CDF /* TemporalCapturePacket.swift */ = {isa = PBXFileReference; lastKnownFileType = sourcecode.swift; path = TemporalCapturePacket.swift; sourceTree = "<group>"; };
		243297E75BDC73D76502065F /* GenerationProvider.swift */ = {isa = PBXFileReference; lastKnownFileType = sourcecode.swift; path = GenerationProvider.swift; sourceTree = "<group>"; };
		2ACAAB097318CD718D04F680 /* CameraControlTests.swift */ = {isa = PBXFileReference; lastKnownFileType = sourcecode.swift; path = CameraControlTests.swift; sourceTree = "<group>"; };
		2D26869E24506B6C960F34D1 /* RealityDevelopingUITests.swift */ = {isa = PBXFileReference; lastKnownFileType = sourcecode.swift; path = RealityDevelopingUITests.swift; sourceTree = "<group>"; };
		2E5E1F802FBFE50C99CE9FF8 /* CaptureMotionModel.swift */ = {isa = PBXFileReference; lastKnownFileType = sourcecode.swift; path = CaptureMotionModel.swift; sourceTree = "<group>"; };
		30FEB5A8653918B8E3544BFC /* RemoteStoryProvider.swift */ = {isa = PBXFileReference; lastKnownFileType = sourcecode.swift; path = RemoteStoryProvider.swift; sourceTree = "<group>"; };
		32DC55D3AB69BA24981B65BA /* ShutterFeedbackView.swift */ = {isa = PBXFileReference; lastKnownFileType = sourcecode.swift; path = ShutterFeedbackView.swift; sourceTree = "<group>"; };
		34902E8D8AD5DD5B2AA85E04 /* MotionFieldProviding.swift */ = {isa = PBXFileReference; lastKnownFileType = sourcecode.swift; path = MotionFieldProviding.swift; sourceTree = "<group>"; };
		38E8FAC30622AD50DE1F54BB /* PhaseTransition.swift */ = {isa = PBXFileReference; lastKnownFileType = sourcecode.swift; path = PhaseTransition.swift; sourceTree = "<group>"; };
		39C08ABDA32DDFDB2DEDE233 /* PosterSensory.swift */ = {isa = PBXFileReference; lastKnownFileType = sourcecode.swift; path = PosterSensory.swift; sourceTree = "<group>"; };
		3B3EFE914BB920EA3A5D9353 /* ConnectionFeedbackView.swift */ = {isa = PBXFileReference; lastKnownFileType = sourcecode.swift; path = ConnectionFeedbackView.swift; sourceTree = "<group>"; };
		3C17BFDA29992D70384CE0E3 /* SharePosterView.swift */ = {isa = PBXFileReference; lastKnownFileType = sourcecode.swift; path = SharePosterView.swift; sourceTree = "<group>"; };
		3D9D3F8455A03C4D1CA12455 /* PosterPalette.swift */ = {isa = PBXFileReference; lastKnownFileType = sourcecode.swift; path = PosterPalette.swift; sourceTree = "<group>"; };
		3F7B61D89FF2DAB3CD8E4B34 /* PosterScreenContainer.swift */ = {isa = PBXFileReference; lastKnownFileType = sourcecode.swift; path = PosterScreenContainer.swift; sourceTree = "<group>"; };
		3F9F6B961BAA532E0F0034BB /* PosterKeywordHero.swift */ = {isa = PBXFileReference; lastKnownFileType = sourcecode.swift; path = PosterKeywordHero.swift; sourceTree = "<group>"; };
		41CA81EFBD85C8A98C9F622A /* PhotoImportAdapterTests.swift */ = {isa = PBXFileReference; lastKnownFileType = sourcecode.swift; path = PhotoImportAdapterTests.swift; sourceTree = "<group>"; };
		422AD39779F43E2D65A911F8 /* PosterEffects.swift */ = {isa = PBXFileReference; lastKnownFileType = sourcecode.swift; path = PosterEffects.swift; sourceTree = "<group>"; };
		426AD81CA8813B1754B8E854 /* StoryProvider.swift */ = {isa = PBXFileReference; lastKnownFileType = sourcecode.swift; path = StoryProvider.swift; sourceTree = "<group>"; };
		4285F02A53FEE7C33EB1C3B2 /* PosterScrollReveal.swift */ = {isa = PBXFileReference; lastKnownFileType = sourcecode.swift; path = PosterScrollReveal.swift; sourceTree = "<group>"; };
		43230620E5CFF5185E452A35 /* MockSceneLayerAnalyzer.swift */ = {isa = PBXFileReference; lastKnownFileType = sourcecode.swift; path = MockSceneLayerAnalyzer.swift; sourceTree = "<group>"; };
		46B260D67CBA74B0AE4A3754 /* FUMIRAAPIConfiguration.swift */ = {isa = PBXFileReference; lastKnownFileType = sourcecode.swift; path = FUMIRAAPIConfiguration.swift; sourceTree = "<group>"; };
		4713B2304639B23F842E56AF /* AIModelCatalogProvider.swift */ = {isa = PBXFileReference; lastKnownFileType = sourcecode.swift; path = AIModelCatalogProvider.swift; sourceTree = "<group>"; };
		4754810FFE0687FC7CD3F903 /* PhotoDropLanding.swift */ = {isa = PBXFileReference; lastKnownFileType = sourcecode.swift; path = PhotoDropLanding.swift; sourceTree = "<group>"; };
		4979E34192BD4BB857653B33 /* PosterShareTests.swift */ = {isa = PBXFileReference; lastKnownFileType = sourcecode.swift; path = PosterShareTests.swift; sourceTree = "<group>"; };
		4B1367803A4250AF37CC0BB2 /* PosterSymbolBounce.swift */ = {isa = PBXFileReference; lastKnownFileType = sourcecode.swift; path = PosterSymbolBounce.swift; sourceTree = "<group>"; };
		4B87CAC950CA323970DFBE50 /* CoreMotionFieldService.swift */ = {isa = PBXFileReference; lastKnownFileType = sourcecode.swift; path = CoreMotionFieldService.swift; sourceTree = "<group>"; };
		4C0A9D8D00C482FFD912D66F /* StatusPill.swift */ = {isa = PBXFileReference; lastKnownFileType = sourcecode.swift; path = StatusPill.swift; sourceTree = "<group>"; };
		4F62345CBFEE6F4C9C8552DE /* AIModelConfigurationStore.swift */ = {isa = PBXFileReference; lastKnownFileType = sourcecode.swift; path = AIModelConfigurationStore.swift; sourceTree = "<group>"; };
		5250C5671C43027FE916EC91 /* AIPipeline.swift */ = {isa = PBXFileReference; lastKnownFileType = sourcecode.swift; path = AIPipeline.swift; sourceTree = "<group>"; };
		5A7DC07F5D99115EA52CBEAA /* FUMIRALiveActivityBundle.swift */ = {isa = PBXFileReference; lastKnownFileType = sourcecode.swift; path = FUMIRALiveActivityBundle.swift; sourceTree = "<group>"; };
		5E18BF1C7346B1EED368BA24 /* BluetoothPermissionView.swift */ = {isa = PBXFileReference; lastKnownFileType = sourcecode.swift; path = BluetoothPermissionView.swift; sourceTree = "<group>"; };
		60AADE13F7AA67EC5612F18B /* CaptureMotionProviding.swift */ = {isa = PBXFileReference; lastKnownFileType = sourcecode.swift; path = CaptureMotionProviding.swift; sourceTree = "<group>"; };
		60B8804566A58E674766E925 /* MockCaptureMotionService.swift */ = {isa = PBXFileReference; lastKnownFileType = sourcecode.swift; path = MockCaptureMotionService.swift; sourceTree = "<group>"; };
		61B7E4813F1E32365A8517A4 /* CameraLiveActivityService.swift */ = {isa = PBXFileReference; lastKnownFileType = sourcecode.swift; path = CameraLiveActivityService.swift; sourceTree = "<group>"; };
		670990386321679E71318ECF /* GenerationProgressRow.swift */ = {isa = PBXFileReference; lastKnownFileType = sourcecode.swift; path = GenerationProgressRow.swift; sourceTree = "<group>"; };
		6755348B723E1E2090544371 /* CameraService.swift */ = {isa = PBXFileReference; lastKnownFileType = sourcecode.swift; path = CameraService.swift; sourceTree = "<group>"; };
		6A3A04D835B66D1D74D6466F /* PreviewFixtures.swift */ = {isa = PBXFileReference; lastKnownFileType = sourcecode.swift; path = PreviewFixtures.swift; sourceTree = "<group>"; };
		6AE458687454A187F7CE6DCE /* ApertureTransitionOverlay.swift */ = {isa = PBXFileReference; lastKnownFileType = sourcecode.swift; path = ApertureTransitionOverlay.swift; sourceTree = "<group>"; };
		6C3FF3398A5E1071A44D1179 /* MotionTimeline.swift */ = {isa = PBXFileReference; lastKnownFileType = sourcecode.swift; path = MotionTimeline.swift; sourceTree = "<group>"; };
		6DCD765D349D795C07B9A771 /* Assets.xcassets */ = {isa = PBXFileReference; lastKnownFileType = folder.assetcatalog; path = Assets.xcassets; sourceTree = "<group>"; };
		6F813C0AC9E3A3902A11C9EF /* PosterRadius.swift */ = {isa = PBXFileReference; lastKnownFileType = sourcecode.swift; path = PosterRadius.swift; sourceTree = "<group>"; };
		720A705BCC018533FA13CAD9 /* RemoteUnderstandingProvider.swift */ = {isa = PBXFileReference; lastKnownFileType = sourcecode.swift; path = RemoteUnderstandingProvider.swift; sourceTree = "<group>"; };
		724CAB8C6F863D8E663A1F70 /* ParkPosterBackdrop.swift */ = {isa = PBXFileReference; lastKnownFileType = sourcecode.swift; path = ParkPosterBackdrop.swift; sourceTree = "<group>"; };
		7679B4DA494ADD2A005C24BF /* AppPhase.swift */ = {isa = PBXFileReference; lastKnownFileType = sourcecode.swift; path = AppPhase.swift; sourceTree = "<group>"; };
		76B5F94A3104D40C544DFABA /* PosterGlassButton.swift */ = {isa = PBXFileReference; lastKnownFileType = sourcecode.swift; path = PosterGlassButton.swift; sourceTree = "<group>"; };
		78F07C9F71DD1925883FDE8A /* CameraCaptureDepartureChrome.swift */ = {isa = PBXFileReference; lastKnownFileType = sourcecode.swift; path = CameraCaptureDepartureChrome.swift; sourceTree = "<group>"; };
		7C2FEAF2D6EE3D56DFAFAC63 /* PosterStorage.swift */ = {isa = PBXFileReference; lastKnownFileType = sourcecode.swift; path = PosterStorage.swift; sourceTree = "<group>"; };
		7E0B060E918608EBA1721981 /* MotionFieldModel.swift */ = {isa = PBXFileReference; lastKnownFileType = sourcecode.swift; path = MotionFieldModel.swift; sourceTree = "<group>"; };
		7E9FE19485E8A63606DD35E5 /* RemoteGenerationProvider.swift */ = {isa = PBXFileReference; lastKnownFileType = sourcecode.swift; path = RemoteGenerationProvider.swift; sourceTree = "<group>"; };
		7F2E4583BE754E45975EDC9B /* CameraCompositionCorners.swift */ = {isa = PBXFileReference; lastKnownFileType = sourcecode.swift; path = CameraCompositionCorners.swift; sourceTree = "<group>"; };
		8031BC5C221FD8B69A35917F /* FUMIRATests.xctest */ = {isa = PBXFileReference; includeInIndex = 0; lastKnownFileType = wrapper.cfbundle; path = FUMIRATests.xctest; sourceTree = BUILT_PRODUCTS_DIR; };
		814CD11F5464ECC9CA91421E /* TimeRevealMask.swift */ = {isa = PBXFileReference; lastKnownFileType = sourcecode.swift; path = TimeRevealMask.swift; sourceTree = "<group>"; };
		87642B857DE795DFCEA95B4D /* FUMIRALiveActivity.appex */ = {isa = PBXFileReference; includeInIndex = 0; lastKnownFileType = "wrapper.app-extension"; path = FUMIRALiveActivity.appex; sourceTree = BUILT_PRODUCTS_DIR; };
		8765ECEB8AD104AC0655B09E /* WaveTimeRail.swift */ = {isa = PBXFileReference; lastKnownFileType = sourcecode.swift; path = WaveTimeRail.swift; sourceTree = "<group>"; };
		89DBE5E6011F2A13CDFEE4D9 /* CameraLiveActivityAttributes.swift */ = {isa = PBXFileReference; lastKnownFileType = sourcecode.swift; path = CameraLiveActivityAttributes.swift; sourceTree = "<group>"; };
		8BC40CE8A4FDD8D6BF6714AB /* TemporalParkScene.swift */ = {isa = PBXFileReference; lastKnownFileType = sourcecode.swift; path = TemporalParkScene.swift; sourceTree = "<group>"; };
		8DB1CEF2A388FCB57CEF5828 /* TimePosition.swift */ = {isa = PBXFileReference; lastKnownFileType = sourcecode.swift; path = TimePosition.swift; sourceTree = "<group>"; };
		8E9AAD2C14EDA1F4E2C259F8 /* ModelSettingsView.swift */ = {isa = PBXFileReference; lastKnownFileType = sourcecode.swift; path = ModelSettingsView.swift; sourceTree = "<group>"; };
		8EF77E2A66A4FD9A6183F059 /* CameraLiveActivityWidget.swift */ = {isa = PBXFileReference; lastKnownFileType = sourcecode.swift; path = CameraLiveActivityWidget.swift; sourceTree = "<group>"; };
		8EFAE1493CFFB64DAA59BBA5 /* AIModelConfiguration.swift */ = {isa = PBXFileReference; lastKnownFileType = sourcecode.swift; path = AIModelConfiguration.swift; sourceTree = "<group>"; };
		90314E852788ABF1D6EBA7E3 /* CameraCompositionGeometry.swift */ = {isa = PBXFileReference; lastKnownFileType = sourcecode.swift; path = CameraCompositionGeometry.swift; sourceTree = "<group>"; };
		91DBB78BA18D4224BAAA62DB /* AppModel.swift */ = {isa = PBXFileReference; lastKnownFileType = sourcecode.swift; path = AppModel.swift; sourceTree = "<group>"; };
		92A1E412E1C3188F58E64045 /* AppModelTests.swift */ = {isa = PBXFileReference; lastKnownFileType = sourcecode.swift; path = AppModelTests.swift; sourceTree = "<group>"; };
		937A9257B4C43E001A86978A /* SpatialTransformModifier.swift */ = {isa = PBXFileReference; lastKnownFileType = sourcecode.swift; path = SpatialTransformModifier.swift; sourceTree = "<group>"; };
		964FD3F17147C8FFDF9F9EA9 /* GenerationError.swift */ = {isa = PBXFileReference; lastKnownFileType = sourcecode.swift; path = GenerationError.swift; sourceTree = "<group>"; };
		965576AD9AA198B9925C4116 /* TimePositionTests.swift */ = {isa = PBXFileReference; lastKnownFileType = sourcecode.swift; path = TimePositionTests.swift; sourceTree = "<group>"; };
		974B4B8EAE1907005571375A /* RealityDevelopingView.swift */ = {isa = PBXFileReference; lastKnownFileType = sourcecode.swift; path = RealityDevelopingView.swift; sourceTree = "<group>"; };
		97AAEF798A063ED932262263 /* PosterExportCard.swift */ = {isa = PBXFileReference; lastKnownFileType = sourcecode.swift; path = PosterExportCard.swift; sourceTree = "<group>"; };
		9A45305C154BB18C7AE5BDEB /* ImageUnderstandingProvider.swift */ = {isa = PBXFileReference; lastKnownFileType = sourcecode.swift; path = ImageUnderstandingProvider.swift; sourceTree = "<group>"; };
		9A85722097A9AA1D8A905ADF /* PosterStaggerReveal.swift */ = {isa = PBXFileReference; lastKnownFileType = sourcecode.swift; path = PosterStaggerReveal.swift; sourceTree = "<group>"; };
		9B5279CAFEEC36FF61D3AF1D /* GenerationFailureView.swift */ = {isa = PBXFileReference; lastKnownFileType = sourcecode.swift; path = GenerationFailureView.swift; sourceTree = "<group>"; };
		9E1D21376F5EC41FF13568E4 /* PosterComposer.swift */ = {isa = PBXFileReference; lastKnownFileType = sourcecode.swift; path = PosterComposer.swift; sourceTree = "<group>"; };
		9EC3A6EA4A95C7C7FE8503E2 /* GenerationErrorTests.swift */ = {isa = PBXFileReference; lastKnownFileType = sourcecode.swift; path = GenerationErrorTests.swift; sourceTree = "<group>"; };
		9F2F7FE7C4895729281A4B67 /* PhotoImportAdapter.swift */ = {isa = PBXFileReference; lastKnownFileType = sourcecode.swift; path = PhotoImportAdapter.swift; sourceTree = "<group>"; };
		A5823D95D80053245EE90DC6 /* FutureCamBody.swift */ = {isa = PBXFileReference; lastKnownFileType = sourcecode.swift; path = FutureCamBody.swift; sourceTree = "<group>"; };
		A795369647DCD3796D878054 /* PosterCapsuleButton.swift */ = {isa = PBXFileReference; lastKnownFileType = sourcecode.swift; path = PosterCapsuleButton.swift; sourceTree = "<group>"; };
		A92CCCC2BA1757C3B2B820D8 /* FUMIRA-icon.icon */ = {isa = PBXFileReference; lastKnownFileType = wrapper.icon; path = "FUMIRA-icon.icon"; sourceTree = "<group>"; };
		AD220E73C38AD63913E16F77 /* CapturedPhotoView.swift */ = {isa = PBXFileReference; lastKnownFileType = sourcecode.swift; path = CapturedPhotoView.swift; sourceTree = "<group>"; };
		B0ADCB3A58FBEC5C0450A059 /* LiveCameraService.swift */ = {isa = PBXFileReference; lastKnownFileType = sourcecode.swift; path = LiveCameraService.swift; sourceTree = "<group>"; };
		B4091E258118976ACAAE58F5 /* PosterStaggerEntrance.swift */ = {isa = PBXFileReference; lastKnownFileType = sourcecode.swift; path = PosterStaggerEntrance.swift; sourceTree = "<group>"; };
		B488656CA9757ABE0CE4EA51 /* CameraLiveActivityTests.swift */ = {isa = PBXFileReference; lastKnownFileType = sourcecode.swift; path = CameraLiveActivityTests.swift; sourceTree = "<group>"; };
		B687965D4D82A26CE5F78AB3 /* PosterZoomID.swift */ = {isa = PBXFileReference; lastKnownFileType = sourcecode.swift; path = PosterZoomID.swift; sourceTree = "<group>"; };
		B68E209854C77B7C12721DA8 /* LiveHapticsClient.swift */ = {isa = PBXFileReference; lastKnownFileType = sourcecode.swift; path = LiveHapticsClient.swift; sourceTree = "<group>"; };
		B6EAFC12F5589EFDF64C7596 /* HardwareController.swift */ = {isa = PBXFileReference; lastKnownFileType = sourcecode.swift; path = HardwareController.swift; sourceTree = "<group>"; };
		BB27943F8B0DFA1835942A55 /* FlatMotionTests.swift */ = {isa = PBXFileReference; lastKnownFileType = sourcecode.swift; path = FlatMotionTests.swift; sourceTree = "<group>"; };
		BB587C2F53ADF0E74815B86D /* CameraPermissionView.swift */ = {isa = PBXFileReference; lastKnownFileType = sourcecode.swift; path = CameraPermissionView.swift; sourceTree = "<group>"; };
		BC3C5474B0B8D27C0DDBB963 /* PosterMotion.swift */ = {isa = PBXFileReference; lastKnownFileType = sourcecode.swift; path = PosterMotion.swift; sourceTree = "<group>"; };
		BEA2A9A9092D954539CE47D8 /* PosterSpacing.swift */ = {isa = PBXFileReference; lastKnownFileType = sourcecode.swift; path = PosterSpacing.swift; sourceTree = "<group>"; };
		C07F63FE6C3A1582391397E6 /* FUMIRA.app */ = {isa = PBXFileReference; includeInIndex = 0; lastKnownFileType = wrapper.application; path = FUMIRA.app; sourceTree = BUILT_PRODUCTS_DIR; };
		C5424EB8310CD47651E69E68 /* CoreCaptureMotionService.swift */ = {isa = PBXFileReference; lastKnownFileType = sourcecode.swift; path = CoreCaptureMotionService.swift; sourceTree = "<group>"; };
		C97AAAFCA7F6DD265A50779C /* VisionSceneLayerAnalyzer.swift */ = {isa = PBXFileReference; lastKnownFileType = sourcecode.swift; path = VisionSceneLayerAnalyzer.swift; sourceTree = "<group>"; };
		CD55939FA9AED9CA1F176218 /* RootView.swift */ = {isa = PBXFileReference; lastKnownFileType = sourcecode.swift; path = RootView.swift; sourceTree = "<group>"; };
		CDFE6846CCEDC140DF182C65 /* CaptureSession.swift */ = {isa = PBXFileReference; lastKnownFileType = sourcecode.swift; path = CaptureSession.swift; sourceTree = "<group>"; };
		D2303A0C4CDB44B2CDBE543B /* ViewfinderAspectGestureUITests.swift */ = {isa = PBXFileReference; lastKnownFileType = sourcecode.swift; path = ViewfinderAspectGestureUITests.swift; sourceTree = "<group>"; };
		D59E406EC4019E7A3F0784BC /* PosterPressStyle.swift */ = {isa = PBXFileReference; lastKnownFileType = sourcecode.swift; path = PosterPressStyle.swift; sourceTree = "<group>"; };
		D65EE3766769108908928C9B /* UploadImageEncoder.swift */ = {isa = PBXFileReference; lastKnownFileType = sourcecode.swift; path = UploadImageEncoder.swift; sourceTree = "<group>"; };
		D8058176375A98A66217D33A /* PosterBreath.swift */ = {isa = PBXFileReference; lastKnownFileType = sourcecode.swift; path = PosterBreath.swift; sourceTree = "<group>"; };
		D8150F52A1C4941F989D843E /* CameraEntryPortal.swift */ = {isa = PBXFileReference; lastKnownFileType = sourcecode.swift; path = CameraEntryPortal.swift; sourceTree = "<group>"; };
		DD5015FC8AE6F9707D40CA84 /* FlatParallaxModifier.swift */ = {isa = PBXFileReference; lastKnownFileType = sourcecode.swift; path = FlatParallaxModifier.swift; sourceTree = "<group>"; };
		DF6FC703372F3750F1381293 /* ResultRevealUITests.swift */ = {isa = PBXFileReference; lastKnownFileType = sourcecode.swift; path = ResultRevealUITests.swift; sourceTree = "<group>"; };
		E39E84C5D38FBD2F94A20BD0 /* FUMIRAApp.swift */ = {isa = PBXFileReference; lastKnownFileType = sourcecode.swift; path = FUMIRAApp.swift; sourceTree = "<group>"; };
		EA587D6C9E9E262090BBAE69 /* SceneLayerAnalyzing.swift */ = {isa = PBXFileReference; lastKnownFileType = sourcecode.swift; path = SceneLayerAnalyzing.swift; sourceTree = "<group>"; };
		EAA4DB3CFFF1F679238DE6A8 /* FUMIRAUITests.xctest */ = {isa = PBXFileReference; includeInIndex = 0; lastKnownFileType = wrapper.cfbundle; path = FUMIRAUITests.xctest; sourceTree = BUILT_PRODUCTS_DIR; };
		EB1C46339D067C8F2F24BEB7 /* PosterTypography.swift */ = {isa = PBXFileReference; lastKnownFileType = sourcecode.swift; path = PosterTypography.swift; sourceTree = "<group>"; };
		EE9968CBCB5690124CB1E262 /* TimeAnchorReticle.swift */ = {isa = PBXFileReference; lastKnownFileType = sourcecode.swift; path = TimeAnchorReticle.swift; sourceTree = "<group>"; };
		F1201C603B55FFB051E84EE9 /* HeroPhotoSurface.swift */ = {isa = PBXFileReference; lastKnownFileType = sourcecode.swift; path = HeroPhotoSurface.swift; sourceTree = "<group>"; };
		F3910C0B76C6DCBE6C3FC287 /* FlatMotion.swift */ = {isa = PBXFileReference; lastKnownFileType = sourcecode.swift; path = FlatMotion.swift; sourceTree = "<group>"; };
		F48A9778F8AA6121B7B3623F /* CameraPreviewFactory.swift */ = {isa = PBXFileReference; lastKnownFileType = sourcecode.swift; path = CameraPreviewFactory.swift; sourceTree = "<group>"; };
		F4FE2AF4AD4398B2C717EB85 /* CameraCompositionGeometryTests.swift */ = {isa = PBXFileReference; lastKnownFileType = sourcecode.swift; path = CameraCompositionGeometryTests.swift; sourceTree = "<group>"; };
		F6CB6750024A152A0CB217B3 /* ViewfinderView.swift */ = {isa = PBXFileReference; lastKnownFileType = sourcecode.swift; path = ViewfinderView.swift; sourceTree = "<group>"; };
		FBAE072E701429A1DB374EE2 /* SpatialDepthLayer.swift */ = {isa = PBXFileReference; lastKnownFileType = sourcecode.swift; path = SpatialDepthLayer.swift; sourceTree = "<group>"; };
		FC18E6851860DBA0AF463F12 /* WaveTimeBrowseSnapTests.swift */ = {isa = PBXFileReference; lastKnownFileType = sourcecode.swift; path = WaveTimeBrowseSnapTests.swift; sourceTree = "<group>"; };
		FD43AC89F787A9E0FD5171AE /* FUMIRASpatialMotion.swift */ = {isa = PBXFileReference; lastKnownFileType = sourcecode.swift; path = FUMIRASpatialMotion.swift; sourceTree = "<group>"; };
		FE41698ABAA3DB4B8FB3DB7F /* ResultView.swift */ = {isa = PBXFileReference; lastKnownFileType = sourcecode.swift; path = ResultView.swift; sourceTree = "<group>"; };
/* End PBXFileReference section */

/* Begin PBXFrameworksBuildPhase section */
		DD11AB6A6D3F21A812714EA1 /* Frameworks */ = {
			isa = PBXFrameworksBuildPhase;
			buildActionMask = 2147483647;
			files = (
				17028B42E2C1DB653D0FBA9D /* Pow in Frameworks */,
			);
			runOnlyForDeploymentPostprocessing = 0;
		};
/* End PBXFrameworksBuildPhase section */

/* Begin PBXGroup section */
		0B45180EBAD57093A4B60619 /* Storage */ = {
			isa = PBXGroup;
			children = (
				9E1D21376F5EC41FF13568E4 /* PosterComposer.swift */,
				7C2FEAF2D6EE3D56DFAFAC63 /* PosterStorage.swift */,
			);
			path = Storage;
			sourceTree = "<group>";
		};
		0C779CA525F8AB6B66CB73B4 /* App */ = {
			isa = PBXGroup;
			children = (
				2029A8DCB17762A2BA51821F /* AppDependencies.swift */,
				91DBB78BA18D4224BAAA62DB /* AppModel.swift */,
				7679B4DA494ADD2A005C24BF /* AppPhase.swift */,
				2E5E1F802FBFE50C99CE9FF8 /* CaptureMotionModel.swift */,
				E39E84C5D38FBD2F94A20BD0 /* FUMIRAApp.swift */,
				7E0B060E918608EBA1721981 /* MotionFieldModel.swift */,
			);
			path = App;
			sourceTree = "<group>";
		};
		1104BF925845907C54BB8789 /* Camera */ = {
			isa = PBXGroup;
			children = (
				BB587C2F53ADF0E74815B86D /* CameraPermissionView.swift */,
			);
			path = Camera;
			sourceTree = "<group>";
		};
		2B5BD900E0124514C8551F4A /* FUMIRAUITests */ = {
			isa = PBXGroup;
			children = (
				2D26869E24506B6C960F34D1 /* RealityDevelopingUITests.swift */,
				DF6FC703372F3750F1381293 /* ResultRevealUITests.swift */,
				17FE326D223B9F51279B0C89 /* SettingsUITests.swift */,
				D2303A0C4CDB44B2CDBE543B /* ViewfinderAspectGestureUITests.swift */,
			);
			path = FUMIRAUITests;
			sourceTree = "<group>";
		};
		2C18AFE566E2D70C8E0DBCF6 /* Bluetooth */ = {
			isa = PBXGroup;
			children = (
				B6EAFC12F5589EFDF64C7596 /* HardwareController.swift */,
			);
			path = Bluetooth;
			sourceTree = "<group>";
		};
		30E031966E7B89AB5D26C0C9 /* Result */ = {
			isa = PBXGroup;
			children = (
				FE41698ABAA3DB4B8FB3DB7F /* ResultView.swift */,
			);
			path = Result;
			sourceTree = "<group>";
		};
		39009E475517E483FA9ADCE8 /* FUMIRATests */ = {
			isa = PBXGroup;
			children = (
				92A1E412E1C3188F58E64045 /* AppModelTests.swift */,
				F4FE2AF4AD4398B2C717EB85 /* CameraCompositionGeometryTests.swift */,
				2ACAAB097318CD718D04F680 /* CameraControlTests.swift */,
				B488656CA9757ABE0CE4EA51 /* CameraLiveActivityTests.swift */,
				BB27943F8B0DFA1835942A55 /* FlatMotionTests.swift */,
				9EC3A6EA4A95C7C7FE8503E2 /* GenerationErrorTests.swift */,
				41CA81EFBD85C8A98C9F622A /* PhotoImportAdapterTests.swift */,
				4979E34192BD4BB857653B33 /* PosterShareTests.swift */,
				965576AD9AA198B9925C4116 /* TimePositionTests.swift */,
				FC18E6851860DBA0AF463F12 /* WaveTimeBrowseSnapTests.swift */,
			);
			path = FUMIRATests;
			sourceTree = "<group>";
		};
		42B2B39EC4E14E6FD4BADFB6 /* Generation */ = {
			isa = PBXGroup;
			children = (
				243297E75BDC73D76502065F /* GenerationProvider.swift */,
				7E9FE19485E8A63606DD35E5 /* RemoteGenerationProvider.swift */,
				D65EE3766769108908928C9B /* UploadImageEncoder.swift */,
			);
			path = Generation;
			sourceTree = "<group>";
		};
		4BAEA53ED19F773B3279CF12 /* Root */ = {
			isa = PBXGroup;
			children = (
				CD55939FA9AED9CA1F176218 /* RootView.swift */,
			);
			path = Root;
			sourceTree = "<group>";
		};
		55A1D01FEDEDAC9760581E47 /* Domain */ = {
			isa = PBXGroup;
			children = (
				8EFAE1493CFFB64DAA59BBA5 /* AIModelConfiguration.swift */,
				5250C5671C43027FE916EC91 /* AIPipeline.swift */,
				89DBE5E6011F2A13CDFEE4D9 /* CameraLiveActivityAttributes.swift */,
				CDFE6846CCEDC140DF182C65 /* CaptureSession.swift */,
				F3910C0B76C6DCBE6C3FC287 /* FlatMotion.swift */,
				964FD3F17147C8FFDF9F9EA9 /* GenerationError.swift */,
				09DDDE905B093FADE1CBA842 /* GenerationState.swift */,
				2240F0724F77FCB5239C8CDF /* TemporalCapturePacket.swift */,
				8DB1CEF2A388FCB57CEF5828 /* TimePosition.swift */,
				20EA7CD33A5C4B1CD87281C5 /* WaveTimeRollPhysics.swift */,
			);
			path = Domain;
			sourceTree = "<group>";
		};
		624A61DD2B8368B4D0767A0A /* Services */ = {
			isa = PBXGroup;
			children = (
				2C18AFE566E2D70C8E0DBCF6 /* Bluetooth */,
				AB2D31CD7528EF4243B72F3C /* Camera */,
				EDB50853BD9DC03C1934DD6E /* Configuration */,
				42B2B39EC4E14E6FD4BADFB6 /* Generation */,
				748CF97D3CA9C2B431994A20 /* Haptics */,
				CCC306B34EAB3639C3310469 /* Motion */,
				0B45180EBAD57093A4B60619 /* Storage */,
				78B0AE3BCD795AB290E2C3B0 /* Story */,
				961837A08365D9133FF7D3BE /* Understanding */,
				6E10500402513223C1828E4B /* Vision */,
			);
			path = Services;
			sourceTree = "<group>";
		};
		66C22752F71C5C2491C80110 /* FUMIRALiveActivity */ = {
			isa = PBXGroup;
			children = (
				8EF77E2A66A4FD9A6183F059 /* CameraLiveActivityWidget.swift */,
				5A7DC07F5D99115EA52CBEAA /* FUMIRALiveActivityBundle.swift */,
			);
			path = FUMIRALiveActivity;
			sourceTree = "<group>";
		};
		68994C7FE307B1DCEAE8DBE1 /* Features */ = {
			isa = PBXGroup;
			children = (
				1104BF925845907C54BB8789 /* Camera */,
				C82CABC7BE463BFF477F0F13 /* Connection */,
				CC3960E7D3112D370252664F /* Generation */,
				30E031966E7B89AB5D26C0C9 /* Result */,
				4BAEA53ED19F773B3279CF12 /* Root */,
				E0032B685A3DDAE8584E75F6 /* Settings */,
				F9C21BE7F3C78B41D029AD85 /* Share */,
				BF606F44E7F2565A31EB26E4 /* Viewfinder */,
			);
			path = Features;
			sourceTree = "<group>";
		};
		6E10500402513223C1828E4B /* Vision */ = {
			isa = PBXGroup;
			children = (
				43230620E5CFF5185E452A35 /* MockSceneLayerAnalyzer.swift */,
				EA587D6C9E9E262090BBAE69 /* SceneLayerAnalyzing.swift */,
				C97AAAFCA7F6DD265A50779C /* VisionSceneLayerAnalyzer.swift */,
			);
			path = Vision;
			sourceTree = "<group>";
		};
		748CF97D3CA9C2B431994A20 /* Haptics */ = {
			isa = PBXGroup;
			children = (
				008AB16B3E586143B6C32988 /* HapticsClient.swift */,
				B68E209854C77B7C12721DA8 /* LiveHapticsClient.swift */,
			);
			path = Haptics;
			sourceTree = "<group>";
		};
		78B0AE3BCD795AB290E2C3B0 /* Story */ = {
			isa = PBXGroup;
			children = (
				30FEB5A8653918B8E3544BFC /* RemoteStoryProvider.swift */,
				426AD81CA8813B1754B8E854 /* StoryProvider.swift */,
			);
			path = Story;
			sourceTree = "<group>";
		};
		87EB46AADEB2E0E3F66BD0BB /* Products */ = {
			isa = PBXGroup;
			children = (
				C07F63FE6C3A1582391397E6 /* FUMIRA.app */,
				87642B857DE795DFCEA95B4D /* FUMIRALiveActivity.appex */,
				8031BC5C221FD8B69A35917F /* FUMIRATests.xctest */,
				EAA4DB3CFFF1F679238DE6A8 /* FUMIRAUITests.xctest */,
			);
			name = Products;
			sourceTree = "<group>";
		};
		8D2194512521835EBC95498F /* Tokens */ = {
			isa = PBXGroup;
			children = (
				422AD39779F43E2D65A911F8 /* PosterEffects.swift */,
				BC3C5474B0B8D27C0DDBB963 /* PosterMotion.swift */,
				3D9D3F8455A03C4D1CA12455 /* PosterPalette.swift */,
				6F813C0AC9E3A3902A11C9EF /* PosterRadius.swift */,
				BEA2A9A9092D954539CE47D8 /* PosterSpacing.swift */,
				EB1C46339D067C8F2F24BEB7 /* PosterTypography.swift */,
			);
			path = Tokens;
			sourceTree = "<group>";
		};
		961837A08365D9133FF7D3BE /* Understanding */ = {
			isa = PBXGroup;
			children = (
				9A45305C154BB18C7AE5BDEB /* ImageUnderstandingProvider.swift */,
				720A705BCC018533FA13CAD9 /* RemoteUnderstandingProvider.swift */,
			);
			path = Understanding;
			sourceTree = "<group>";
		};
		9F15BF5FF458759282A03571 /* Motion */ = {
			isa = PBXGroup;
			children = (
				DD5015FC8AE6F9707D40CA84 /* FlatParallaxModifier.swift */,
				FD43AC89F787A9E0FD5171AE /* FUMIRASpatialMotion.swift */,
				6C3FF3398A5E1071A44D1179 /* MotionTimeline.swift */,
				38E8FAC30622AD50DE1F54BB /* PhaseTransition.swift */,
				D8058176375A98A66217D33A /* PosterBreath.swift */,
				76B5F94A3104D40C544DFABA /* PosterGlassButton.swift */,
				D59E406EC4019E7A3F0784BC /* PosterPressStyle.swift */,
				4285F02A53FEE7C33EB1C3B2 /* PosterScrollReveal.swift */,
				39C08ABDA32DDFDB2DEDE233 /* PosterSensory.swift */,
				B4091E258118976ACAAE58F5 /* PosterStaggerEntrance.swift */,
				9A85722097A9AA1D8A905ADF /* PosterStaggerReveal.swift */,
				4B1367803A4250AF37CC0BB2 /* PosterSymbolBounce.swift */,
				B687965D4D82A26CE5F78AB3 /* PosterZoomID.swift */,
				02F8C71E335F95A71BF31A8E /* PosterZoomTransition.swift */,
				FBAE072E701429A1DB374EE2 /* SpatialDepthLayer.swift */,
				937A9257B4C43E001A86978A /* SpatialTransformModifier.swift */,
			);
			path = Motion;
			sourceTree = "<group>";
		};
		A32F7C1D632E4D903AF3DAC5 /* DesignSystem */ = {
			isa = PBXGroup;
			children = (
				D1EB2FE27089FA0240971C55 /* Components */,
				9F15BF5FF458759282A03571 /* Motion */,
				8D2194512521835EBC95498F /* Tokens */,
			);
			path = DesignSystem;
			sourceTree = "<group>";
		};
		AB2D31CD7528EF4243B72F3C /* Camera */ = {
			isa = PBXGroup;
			children = (
				61B7E4813F1E32365A8517A4 /* CameraLiveActivityService.swift */,
				F48A9778F8AA6121B7B3623F /* CameraPreviewFactory.swift */,
				6755348B723E1E2090544371 /* CameraService.swift */,
				B0ADCB3A58FBEC5C0450A059 /* LiveCameraService.swift */,
				9F2F7FE7C4895729281A4B67 /* PhotoImportAdapter.swift */,
			);
			path = Camera;
			sourceTree = "<group>";
		};
		BF606F44E7F2565A31EB26E4 /* Viewfinder */ = {
			isa = PBXGroup;
			children = (
				7F2E4583BE754E45975EDC9B /* CameraCompositionCorners.swift */,
				32DC55D3AB69BA24981B65BA /* ShutterFeedbackView.swift */,
				F6CB6750024A152A0CB217B3 /* ViewfinderView.swift */,
			);
			path = Viewfinder;
			sourceTree = "<group>";
		};
		C82CABC7BE463BFF477F0F13 /* Connection */ = {
			isa = PBXGroup;
			children = (
				5E18BF1C7346B1EED368BA24 /* BluetoothPermissionView.swift */,
				3B3EFE914BB920EA3A5D9353 /* ConnectionFeedbackView.swift */,
				0827B783C9AB999B8B2F7667 /* ConnectionView.swift */,
				1A868C0364905B23A4930097 /* DisconnectedView.swift */,
			);
			path = Connection;
			sourceTree = "<group>";
		};
		CC3960E7D3112D370252664F /* Generation */ = {
			isa = PBXGroup;
			children = (
				9B5279CAFEEC36FF61D3AF1D /* GenerationFailureView.swift */,
				974B4B8EAE1907005571375A /* RealityDevelopingView.swift */,
			);
			path = Generation;
			sourceTree = "<group>";
		};
		CCC306B34EAB3639C3310469 /* Motion */ = {
			isa = PBXGroup;
			children = (
				60AADE13F7AA67EC5612F18B /* CaptureMotionProviding.swift */,
				C5424EB8310CD47651E69E68 /* CoreCaptureMotionService.swift */,
				4B87CAC950CA323970DFBE50 /* CoreMotionFieldService.swift */,
				60B8804566A58E674766E925 /* MockCaptureMotionService.swift */,
				223D9E8B797C31FEADC29745 /* MockMotionFieldService.swift */,
				34902E8D8AD5DD5B2AA85E04 /* MotionFieldProviding.swift */,
			);
			path = Motion;
			sourceTree = "<group>";
		};
		D1EB2FE27089FA0240971C55 /* Components */ = {
			isa = PBXGroup;
			children = (
				6AE458687454A187F7CE6DCE /* ApertureTransitionOverlay.swift */,
				78F07C9F71DD1925883FDE8A /* CameraCaptureDepartureChrome.swift */,
				01F15A56D8DBF7FFFE8BE2EF /* CameraChromeButton.swift */,
				90314E852788ABF1D6EBA7E3 /* CameraCompositionGeometry.swift */,
				D8150F52A1C4941F989D843E /* CameraEntryPortal.swift */,
				AD220E73C38AD63913E16F77 /* CapturedPhotoView.swift */,
				A5823D95D80053245EE90DC6 /* FutureCamBody.swift */,
				670990386321679E71318ECF /* GenerationProgressRow.swift */,
				1E96B4960353253FCA8384EC /* HeroPhotoSlot.swift */,
				F1201C603B55FFB051E84EE9 /* HeroPhotoSurface.swift */,
				1EB9989F8A6A242C692D91E0 /* NarrativeAnchorMarker.swift */,
				724CAB8C6F863D8E663A1F70 /* ParkPosterBackdrop.swift */,
				4754810FFE0687FC7CD3F903 /* PhotoDropLanding.swift */,
				A795369647DCD3796D878054 /* PosterCapsuleButton.swift */,
				97AAEF798A063ED932262263 /* PosterExportCard.swift */,
				3F9F6B961BAA532E0F0034BB /* PosterKeywordHero.swift */,
				3F7B61D89FF2DAB3CD8E4B34 /* PosterScreenContainer.swift */,
				042888D8DFC9DAF2FF94C7FE /* PosterTitleView.swift */,
				197CF52CE7B99367255DB079 /* ShutterWaveTimeRail.swift */,
				4C0A9D8D00C482FFD912D66F /* StatusPill.swift */,
				8BC40CE8A4FDD8D6BF6714AB /* TemporalParkScene.swift */,
				1FA3B59BA1AF188D099168FB /* TemporalPhotoCard.swift */,
				EE9968CBCB5690124CB1E262 /* TimeAnchorReticle.swift */,
				1B4DBEB01EEBBFABC55442D7 /* TimeRail.swift */,
				814CD11F5464ECC9CA91421E /* TimeRevealMask.swift */,
				1EEBD4D58501633F4739EA36 /* TimeRevealRipple.swift */,
				8765ECEB8AD104AC0655B09E /* WaveTimeRail.swift */,
			);
			path = Components;
			sourceTree = "<group>";
		};
		E0032B685A3DDAE8584E75F6 /* Settings */ = {
			isa = PBXGroup;
			children = (
				8E9AAD2C14EDA1F4E2C259F8 /* ModelSettingsView.swift */,
			);
			path = Settings;
			sourceTree = "<group>";
		};
		E2AAD4462FB62320436F37C9 /* PreviewSupport */ = {
			isa = PBXGroup;
			children = (
				6A3A04D835B66D1D74D6466F /* PreviewFixtures.swift */,
			);
			path = PreviewSupport;
			sourceTree = "<group>";
		};
		E4366CE9151E400A52FD913D = {
			isa = PBXGroup;
			children = (
				A92CCCC2BA1757C3B2B820D8 /* FUMIRA-icon.icon */,
				F54752A3DFCA58943859878D /* FUMIRA */,
				66C22752F71C5C2491C80110 /* FUMIRALiveActivity */,
				39009E475517E483FA9ADCE8 /* FUMIRATests */,
				2B5BD900E0124514C8551F4A /* FUMIRAUITests */,
				EE2D6F9FB50D33A526697883 /* Resources */,
				87EB46AADEB2E0E3F66BD0BB /* Products */,
			);
			sourceTree = "<group>";
		};
		EDB50853BD9DC03C1934DD6E /* Configuration */ = {
			isa = PBXGroup;
			children = (
				4713B2304639B23F842E56AF /* AIModelCatalogProvider.swift */,
				4F62345CBFEE6F4C9C8552DE /* AIModelConfigurationStore.swift */,
				46B260D67CBA74B0AE4A3754 /* FUMIRAAPIConfiguration.swift */,
			);
			path = Configuration;
			sourceTree = "<group>";
		};
		EE2D6F9FB50D33A526697883 /* Resources */ = {
			isa = PBXGroup;
			children = (
				6DCD765D349D795C07B9A771 /* Assets.xcassets */,
			);
			name = Resources;
			path = FUMIRA/Resources;
			sourceTree = "<group>";
		};
		F54752A3DFCA58943859878D /* FUMIRA */ = {
			isa = PBXGroup;
			children = (
				0C779CA525F8AB6B66CB73B4 /* App */,
				A32F7C1D632E4D903AF3DAC5 /* DesignSystem */,
				55A1D01FEDEDAC9760581E47 /* Domain */,
				68994C7FE307B1DCEAE8DBE1 /* Features */,
				E2AAD4462FB62320436F37C9 /* PreviewSupport */,
				624A61DD2B8368B4D0767A0A /* Services */,
			);
			path = FUMIRA;
			sourceTree = "<group>";
		};
		F9C21BE7F3C78B41D029AD85 /* Share */ = {
			isa = PBXGroup;
			children = (
				3C17BFDA29992D70384CE0E3 /* SharePosterView.swift */,
			);
			path = Share;
			sourceTree = "<group>";
		};
/* End PBXGroup section */

/* Begin PBXNativeTarget section */
		763293B02EE36BA7C9164B1E /* FUMIRA */ = {
			isa = PBXNativeTarget;
			buildConfigurationList = BEB9081D7D13E2B3C82C1B26 /* Build configuration list for PBXNativeTarget "FUMIRA" */;
			buildPhases = (
				670D8254DA5172AE433BDFA7 /* Sources */,
				63A6648F6A0533C5316B8EA8 /* Resources */,
				DD11AB6A6D3F21A812714EA1 /* Frameworks */,
				88DC1F23C71DA94FC4356A01 /* Embed Foundation Extensions */,
			);
			buildRules = (
			);
			dependencies = (
				AFA333DF15BD515603EFCC14 /* PBXTargetDependency */,
			);
			name = FUMIRA;
			packageProductDependencies = (
				1E9CD90E9C8B381A4C9E5F67 /* Pow */,
			);
			productName = FUMIRA;
			productReference = C07F63FE6C3A1582391397E6 /* FUMIRA.app */;
			productType = "com.apple.product-type.application";
		};
		9B860753907F1FDAD0AF876F /* FUMIRALiveActivity */ = {
			isa = PBXNativeTarget;
			buildConfigurationList = 3AC905CFF1863A74C7D5AAB7 /* Build configuration list for PBXNativeTarget "FUMIRALiveActivity" */;
			buildPhases = (
				7FA06B762CEE2BBCE33AE357 /* Sources */,
			);
			buildRules = (
			);
			dependencies = (
			);
			name = FUMIRALiveActivity;
			packageProductDependencies = (
			);
			productName = FUMIRALiveActivity;
			productReference = 87642B857DE795DFCEA95B4D /* FUMIRALiveActivity.appex */;
			productType = "com.apple.product-type.app-extension";
		};
		B575A241B04FC65B93E96996 /* FUMIRATests */ = {
			isa = PBXNativeTarget;
			buildConfigurationList = 1E7277751775A23F3BDA8C47 /* Build configuration list for PBXNativeTarget "FUMIRATests" */;
			buildPhases = (
				3749C4F97E5E1976CAB0D90B /* Sources */,
			);
			buildRules = (
			);
			dependencies = (
				7CC84D14FE3C84BBA5629921 /* PBXTargetDependency */,
			);
			name = FUMIRATests;
			packageProductDependencies = (
			);
			productName = FUMIRATests;
			productReference = 8031BC5C221FD8B69A35917F /* FUMIRATests.xctest */;
			productType = "com.apple.product-type.bundle.unit-test";
		};
		C210695895CB2DAE72C47FD1 /* FUMIRAUITests */ = {
			isa = PBXNativeTarget;
			buildConfigurationList = D4D58B3CACBC7DA0F0CDA948 /* Build configuration list for PBXNativeTarget "FUMIRAUITests" */;
			buildPhases = (
				ABA703DB8B0265BD65D64F16 /* Sources */,
			);
			buildRules = (
			);
			dependencies = (
				2616601DE1F4ED89D515276C /* PBXTargetDependency */,
			);
			name = FUMIRAUITests;
			packageProductDependencies = (
			);
			productName = FUMIRAUITests;
			productReference = EAA4DB3CFFF1F679238DE6A8 /* FUMIRAUITests.xctest */;
			productType = "com.apple.product-type.bundle.ui-testing";
		};
/* End PBXNativeTarget section */

/* Begin PBXProject section */
		D89F7AE61C7C94BFF8044235 /* Project object */ = {
			isa = PBXProject;
			attributes = {
				BuildIndependentTargetsInParallel = YES;
				LastUpgradeCheck = 2600;
				TargetAttributes = {
					763293B02EE36BA7C9164B1E = {
						DevelopmentTeam = 5CQ49A8XPZ;
					};
					9B860753907F1FDAD0AF876F = {
						DevelopmentTeam = 5CQ49A8XPZ;
					};
					C210695895CB2DAE72C47FD1 = {
						TestTargetID = 763293B02EE36BA7C9164B1E;
					};
				};
			};
			buildConfigurationList = E383A91F0EFB5C162D22F065 /* Build configuration list for PBXProject "FUMIRA" */;
			developmentRegion = en;
			hasScannedForEncodings = 0;
			knownRegions = (
				Base,
				en,
			);
			mainGroup = E4366CE9151E400A52FD913D;
			minimizedProjectReferenceProxies = 1;
			packageReferences = (
				25C683A343E7E40382992961 /* XCRemoteSwiftPackageReference "Pow" */,
			);
			preferredProjectObjectVersion = 77;
			productRefGroup = 87EB46AADEB2E0E3F66BD0BB /* Products */;
			projectDirPath = "";
			projectRoot = "";
			targets = (
				763293B02EE36BA7C9164B1E /* FUMIRA */,
				9B860753907F1FDAD0AF876F /* FUMIRALiveActivity */,
				B575A241B04FC65B93E96996 /* FUMIRATests */,
				C210695895CB2DAE72C47FD1 /* FUMIRAUITests */,
			);
		};
/* End PBXProject section */

/* Begin PBXResourcesBuildPhase section */
		63A6648F6A0533C5316B8EA8 /* Resources */ = {
			isa = PBXResourcesBuildPhase;
			buildActionMask = 2147483647;
			files = (
				471CB52A9E6D9398A217FDBC /* Assets.xcassets in Resources */,
				453E45CA81C676086F6F562D /* FUMIRA-icon.icon in Resources */,
			);
			runOnlyForDeploymentPostprocessing = 0;
		};
/* End PBXResourcesBuildPhase section */

/* Begin PBXSourcesBuildPhase section */
		3749C4F97E5E1976CAB0D90B /* Sources */ = {
			isa = PBXSourcesBuildPhase;
			buildActionMask = 2147483647;
			files = (
				153899DEFBC77D8742FE41F3 /* AppModelTests.swift in Sources */,
				0D92DE595FF455FD4B825C78 /* CameraCompositionGeometryTests.swift in Sources */,
				38831A33FFE897593276E173 /* CameraControlTests.swift in Sources */,
				BD1DE2ACD3880490DA320C6F /* CameraLiveActivityTests.swift in Sources */,
				4FCA40A3A47EACB39B2A03A1 /* FlatMotionTests.swift in Sources */,
				3B29195E9A9CB95EFECDD2A0 /* GenerationErrorTests.swift in Sources */,
				191BB6F1E6E09C0B8DDFA2E6 /* PhotoImportAdapterTests.swift in Sources */,
				F2133F285E252EEC81C215E4 /* PosterShareTests.swift in Sources */,
				29D9DC65D7062DCCB884557B /* TimePositionTests.swift in Sources */,
				EF91FA15A8DA811F2A27B032 /* WaveTimeBrowseSnapTests.swift in Sources */,
			);
			runOnlyForDeploymentPostprocessing = 0;
		};
		670D8254DA5172AE433BDFA7 /* Sources */ = {
			isa = PBXSourcesBuildPhase;
			buildActionMask = 2147483647;
			files = (
				17600795A63F7514E0E24543 /* AIModelCatalogProvider.swift in Sources */,
				76EA13255D436214BDC7113E /* AIModelConfiguration.swift in Sources */,
				6CDDE3D306B7E8B827CF3D06 /* AIModelConfigurationStore.swift in Sources */,
				9E8E3FC2EE80DC814A175CAC /* AIPipeline.swift in Sources */,
				5B85BAE627312FA9F792564B /* ApertureTransitionOverlay.swift in Sources */,
				FF2048F8237E37B5C20D977E /* AppDependencies.swift in Sources */,
				790C43F80CBE7459040C84C2 /* AppModel.swift in Sources */,
				7098042EC676833F21DE70EE /* AppPhase.swift in Sources */,
				DB1FFB0E6083B353899FA1E0 /* BluetoothPermissionView.swift in Sources */,
				E575D52C3A42AC81B9021D7D /* CameraCaptureDepartureChrome.swift in Sources */,
				F9730B97FC743E74ADE6861C /* CameraChromeButton.swift in Sources */,
				6D78B97534626A914C4FEBC9 /* CameraCompositionCorners.swift in Sources */,
				1998F5BC3E7367402AD9A4D4 /* CameraCompositionGeometry.swift in Sources */,
				5D9E7D200C99FDFE8B404FDC /* CameraEntryPortal.swift in Sources */,
				4B137517196AD141E139AE97 /* CameraLiveActivityAttributes.swift in Sources */,
				994F2E2E21A94CDB59350F12 /* CameraLiveActivityService.swift in Sources */,
				A105B28967391BB722D2F221 /* CameraPermissionView.swift in Sources */,
				5392923DA5EB8A68A1E21131 /* CameraPreviewFactory.swift in Sources */,
				C5779E4D103E1FC70AE578DC /* CameraService.swift in Sources */,
				B3D00D8398D92380641E1203 /* CaptureMotionModel.swift in Sources */,
				2CC731C7ECA5160DA534F449 /* CaptureMotionProviding.swift in Sources */,
				F6B7AE94AF7E3431AA213088 /* CaptureSession.swift in Sources */,
				79657053B048C247750F6272 /* CapturedPhotoView.swift in Sources */,
				61CFA8E20BD704C3C5C87A4C /* ConnectionFeedbackView.swift in Sources */,
				EB3F790DACC707A6A7CDE9FD /* ConnectionView.swift in Sources */,
				68CD0D4CE1424C6724923DB3 /* CoreCaptureMotionService.swift in Sources */,
				48D60CF0C87B08310E1D84AE /* CoreMotionFieldService.swift in Sources */,
				1530F190F2B4FA42E6129688 /* DisconnectedView.swift in Sources */,
				A6C6E3D6BAEB618881A25AA6 /* FUMIRAAPIConfiguration.swift in Sources */,
				1245BDCD7EC1C8CB446A703A /* FUMIRAApp.swift in Sources */,
				73F785565CE27C7C701ECEC0 /* FUMIRASpatialMotion.swift in Sources */,
				4879FF0213249ACC4AB791ED /* FlatMotion.swift in Sources */,
				D0BA2028CA6E88BDC14C1229 /* FlatParallaxModifier.swift in Sources */,
				0EBB9147A09ED73A0B3166DB /* FutureCamBody.swift in Sources */,
				9720DF22794231F1B09A75F1 /* GenerationError.swift in Sources */,
				9CFA5CCAED0C6B13D9E5DDAA /* GenerationFailureView.swift in Sources */,
				C4D3B86795A57B78A821B0BC /* GenerationProgressRow.swift in Sources */,
				A1427FB05CE0F83DA5D1B137 /* GenerationProvider.swift in Sources */,
				F3A064B6FCA1C2D795F91FC5 /* GenerationState.swift in Sources */,
				1EFD6FA595EEE33E8A381498 /* HapticsClient.swift in Sources */,
				67CEAFFFB4F728E029B955AF /* HardwareController.swift in Sources */,
				396FFEE2B899571D830BC74C /* HeroPhotoSlot.swift in Sources */,
				6B9F437DA2C42C355157BE52 /* HeroPhotoSurface.swift in Sources */,
				23CCFD4E047B40C404BD4F16 /* ImageUnderstandingProvider.swift in Sources */,
				0214A77A0FFCB9ED57DB2183 /* LiveCameraService.swift in Sources */,
				99E754018208994ACDCC1A9F /* LiveHapticsClient.swift in Sources */,
				0257D5700FA4C3494F202E3F /* MockCaptureMotionService.swift in Sources */,
				5D698237F36A50EB094BB245 /* MockMotionFieldService.swift in Sources */,
				E246CC9D0E73A9BD63C7C7C9 /* MockSceneLayerAnalyzer.swift in Sources */,
				F1B0C35BDB2E3132AD68B709 /* ModelSettingsView.swift in Sources */,
				00B4072E51F6715A46064D80 /* MotionFieldModel.swift in Sources */,
				980D4299B93AD7FD75419F55 /* MotionFieldProviding.swift in Sources */,
				6E687B38ACD5602C1741AFBE /* MotionTimeline.swift in Sources */,
				F1BBB76E9EFF8003936E8237 /* NarrativeAnchorMarker.swift in Sources */,
				D8D851644761BE458BF9017F /* ParkPosterBackdrop.swift in Sources */,
				B136E911C8319B079CD18F7B /* PhaseTransition.swift in Sources */,
				ACF8DFBE1359040E90080C01 /* PhotoDropLanding.swift in Sources */,
				DAC276DB674D1491F9A60A9A /* PhotoImportAdapter.swift in Sources */,
				FD84F6326AE5F6F88DC908D3 /* PosterBreath.swift in Sources */,
				AC3DE3CD08F90EB6BBDD424C /* PosterCapsuleButton.swift in Sources */,
				4CB2299257735711AAD95022 /* PosterComposer.swift in Sources */,
				0F7F38450F6A3BA034C6FC94 /* PosterEffects.swift in Sources */,
				283BD0A056F1860814BCDD0E /* PosterExportCard.swift in Sources */,
				A717F6623B1629BF5821DDFE /* PosterGlassButton.swift in Sources */,
				D95241D281492B368518AA4D /* PosterKeywordHero.swift in Sources */,
				32A7E40906ED936B1936AE68 /* PosterMotion.swift in Sources */,
				F52BB40AD845207CF1B3A517 /* PosterPalette.swift in Sources */,
				6BEEF715C8AC2E660E4EDEA3 /* PosterPressStyle.swift in Sources */,
				D6343860654B84A0E7610C59 /* PosterRadius.swift in Sources */,
				F4F3244AEDAFBD874E8A516E /* PosterScreenContainer.swift in Sources */,
				A20E9649B4306CC69280976A /* PosterScrollReveal.swift in Sources */,
				7F39561E1031DD0D1D9CFA24 /* PosterSensory.swift in Sources */,
				C59AB02FBEDD3646F288B73A /* PosterSpacing.swift in Sources */,
				CAF2D2057ECE7EA5A68C9455 /* PosterStaggerEntrance.swift in Sources */,
				9C6C2BE30129463E504FA983 /* PosterStaggerReveal.swift in Sources */,
				3A6F24EB11DF17E741B25BBF /* PosterStorage.swift in Sources */,
				942B6DE24F1C52068B963912 /* PosterSymbolBounce.swift in Sources */,
				E234B574678CF28B21321117 /* PosterTitleView.swift in Sources */,
				583EE574E6A1116210347351 /* PosterTypography.swift in Sources */,
				30ABDD4BDD1B0A16219DB349 /* PosterZoomID.swift in Sources */,
				0845C6F210CEF677B3742D77 /* PosterZoomTransition.swift in Sources */,
				FA5A450417E8AF3A398CE5BE /* PreviewFixtures.swift in Sources */,
				FB29E68E938C0261ECF87D3C /* RealityDevelopingView.swift in Sources */,
				346647DD342F7ADBF2D8EA3C /* RemoteGenerationProvider.swift in Sources */,
				7E61FA8E0DE6B0BD54ACDB08 /* RemoteStoryProvider.swift in Sources */,
				07CE3DA12048AD23FC41D2EC /* RemoteUnderstandingProvider.swift in Sources */,
				55FD4A836D87F4FDD4E2EE97 /* ResultView.swift in Sources */,
				E09FDF7D0D01BA9998A2DD3B /* RootView.swift in Sources */,
				4C6B1AB910D17FA656776A7B /* SceneLayerAnalyzing.swift in Sources */,
				4E26490CC1A2F57B62812901 /* SharePosterView.swift in Sources */,
				71545CA1C3154C6ED91EE0E9 /* ShutterFeedbackView.swift in Sources */,
				893ED3BD26DACA8A44490226 /* ShutterWaveTimeRail.swift in Sources */,
				5369ECBF03E011DBB5798154 /* SpatialDepthLayer.swift in Sources */,
				B2BB6D120859B9973A9EDAF4 /* SpatialTransformModifier.swift in Sources */,
				D634280455F3F1B7470120B4 /* StatusPill.swift in Sources */,
				712440EB96D62CDF09B0E02E /* StoryProvider.swift in Sources */,
				A26BFB54FCF279A2E3838A68 /* TemporalCapturePacket.swift in Sources */,
				4703F97A2A735586256C0748 /* TemporalParkScene.swift in Sources */,
				3908E4C88F468F19057E6ACC /* TemporalPhotoCard.swift in Sources */,
				111C4C5E5660EE65FB3D1237 /* TimeAnchorReticle.swift in Sources */,
				5DAF0C420C2C998697504856 /* TimePosition.swift in Sources */,
				DAC5CF90465E60FE3F7964FA /* TimeRail.swift in Sources */,
				9439436B4518F9945C334FB1 /* TimeRevealMask.swift in Sources */,
				BF25445760A1065F5E5ABDA4 /* TimeRevealRipple.swift in Sources */,
				12C9D83DA994864961101ADE /* UploadImageEncoder.swift in Sources */,
				CC9564F3F5A7240742019CC3 /* ViewfinderView.swift in Sources */,
				C1931BC63CE485B144EF24FF /* VisionSceneLayerAnalyzer.swift in Sources */,
				E37BC06098613AAFAD117F89 /* WaveTimeRail.swift in Sources */,
				5C981CE67CA765E46E280B96 /* WaveTimeRollPhysics.swift in Sources */,
			);
			runOnlyForDeploymentPostprocessing = 0;
		};
		7FA06B762CEE2BBCE33AE357 /* Sources */ = {
			isa = PBXSourcesBuildPhase;
			buildActionMask = 2147483647;
			files = (
				D5D7D29F0CE2D8BBE3249FDA /* CameraLiveActivityAttributes.swift in Sources */,
				115C1FA7039FA86188E7D076 /* CameraLiveActivityWidget.swift in Sources */,
				0A56FAE1159C187BEF363115 /* FUMIRALiveActivityBundle.swift in Sources */,
			);
			runOnlyForDeploymentPostprocessing = 0;
		};
		ABA703DB8B0265BD65D64F16 /* Sources */ = {
			isa = PBXSourcesBuildPhase;
			buildActionMask = 2147483647;
			files = (
				51BAA8856D5C54E63C1BA02C /* RealityDevelopingUITests.swift in Sources */,
				2B830D00B603C23888404BBD /* ResultRevealUITests.swift in Sources */,
				8D7C09A0F492086A8085D30A /* SettingsUITests.swift in Sources */,
				427B9DB889E150F99063BB33 /* ViewfinderAspectGestureUITests.swift in Sources */,
			);
			runOnlyForDeploymentPostprocessing = 0;
		};
/* End PBXSourcesBuildPhase section */

/* Begin PBXTargetDependency section */
		2616601DE1F4ED89D515276C /* PBXTargetDependency */ = {
			isa = PBXTargetDependency;
			target = 763293B02EE36BA7C9164B1E /* FUMIRA */;
			targetProxy = 9DFB6CA6ECE73FB085564BD3 /* PBXContainerItemProxy */;
		};
		7CC84D14FE3C84BBA5629921 /* PBXTargetDependency */ = {
			isa = PBXTargetDependency;
			target = 763293B02EE36BA7C9164B1E /* FUMIRA */;
			targetProxy = 31167C4B9530BDBA4F83C2F8 /* PBXContainerItemProxy */;
		};
		AFA333DF15BD515603EFCC14 /* PBXTargetDependency */ = {
			isa = PBXTargetDependency;
			target = 9B860753907F1FDAD0AF876F /* FUMIRALiveActivity */;
			targetProxy = 3F8BC414DFD79F72479E6960 /* PBXContainerItemProxy */;
		};
/* End PBXTargetDependency section */

/* Begin XCBuildConfiguration section */
		0984887915F191B306EE4BCB /* Release */ = {
			isa = XCBuildConfiguration;
			buildSettings = {
				BUNDLE_LOADER = "$(TEST_HOST)";
				GENERATE_INFOPLIST_FILE = YES;
				LD_RUNPATH_SEARCH_PATHS = (
					"$(inherited)",
					"@executable_path/Frameworks",
					"@loader_path/Frameworks",
				);
				PRODUCT_BUNDLE_IDENTIFIER = com.fumira.timecamera.tests;
				SDKROOT = iphoneos;
				TARGETED_DEVICE_FAMILY = "1,2";
				TEST_HOST = "$(BUILT_PRODUCTS_DIR)/FUMIRA.app/FUMIRA";
			};
			name = Release;
		};
		29D1C9C9CB4A42FB9BEB7616 /* Release */ = {
			isa = XCBuildConfiguration;
			buildSettings = {
				APPLICATION_EXTENSION_API_ONLY = YES;
				DEVELOPMENT_TEAM = 5CQ49A8XPZ;
				INFOPLIST_FILE = FUMIRALiveActivity/Info.plist;
				LD_RUNPATH_SEARCH_PATHS = "$(inherited) @executable_path/../../Frameworks";
				PRODUCT_BUNDLE_IDENTIFIER = com.fumira.timecamera.liveactivity;
				PRODUCT_NAME = FUMIRALiveActivity;
				SDKROOT = iphoneos;
				SKIP_INSTALL = YES;
				TARGETED_DEVICE_FAMILY = 1;
			};
			name = Release;
		};
		3A16806F5DF48BC92F6300B3 /* Release */ = {
			isa = XCBuildConfiguration;
			buildSettings = {
				ASSETCATALOG_COMPILER_APPICON_NAME = "FUMIRA-icon";
				ASSETCATALOG_COMPILER_GLOBAL_ACCENT_COLOR_NAME = AccentColor;
				CODE_SIGN_IDENTITY = "iPhone Developer";
				DEVELOPMENT_TEAM = 5CQ49A8XPZ;
				FUMIRA_API_BASE_URL = "";
				INFOPLIST_FILE = FUMIRA/Resources/Info.plist;
				LD_RUNPATH_SEARCH_PATHS = (
					"$(inherited)",
					"@executable_path/Frameworks",
				);
				PRODUCT_BUNDLE_IDENTIFIER = com.fumira.timecamera;
				PRODUCT_NAME = FUMIRA;
				SDKROOT = iphoneos;
				TARGETED_DEVICE_FAMILY = 1;
			};
			name = Release;
		};
		42F1BDE4EFDDEA972C791101 /* Debug */ = {
			isa = XCBuildConfiguration;
			buildSettings = {
				BUNDLE_LOADER = "$(TEST_HOST)";
				GENERATE_INFOPLIST_FILE = YES;
				LD_RUNPATH_SEARCH_PATHS = (
					"$(inherited)",
					"@executable_path/Frameworks",
					"@loader_path/Frameworks",
				);
				PRODUCT_BUNDLE_IDENTIFIER = com.fumira.timecamera.tests;
				SDKROOT = iphoneos;
				TARGETED_DEVICE_FAMILY = "1,2";
				TEST_HOST = "$(BUILT_PRODUCTS_DIR)/FUMIRA.app/FUMIRA";
			};
			name = Debug;
		};
		65891BB16F74EFBFFF3DD0C9 /* Debug */ = {
			isa = XCBuildConfiguration;
			buildSettings = {
				BUNDLE_LOADER = "$(TEST_HOST)";
				GENERATE_INFOPLIST_FILE = YES;
				LD_RUNPATH_SEARCH_PATHS = (
					"$(inherited)",
					"@executable_path/Frameworks",
					"@loader_path/Frameworks",
				);
				PRODUCT_BUNDLE_IDENTIFIER = com.fumira.timecamera.uitests;
				SDKROOT = iphoneos;
				TARGETED_DEVICE_FAMILY = "1,2";
				TEST_TARGET_NAME = FUMIRA;
			};
			name = Debug;
		};
		A2B40DFC2755A57FB7C38250 /* Debug */ = {
			isa = XCBuildConfiguration;
			buildSettings = {
				ASSETCATALOG_COMPILER_APPICON_NAME = "FUMIRA-icon";
				ASSETCATALOG_COMPILER_GLOBAL_ACCENT_COLOR_NAME = AccentColor;
				CODE_SIGN_IDENTITY = "iPhone Developer";
				DEVELOPMENT_TEAM = 5CQ49A8XPZ;
				FUMIRA_API_BASE_URL = "http://192.168.31.62:8787";
				INFOPLIST_FILE = FUMIRA/Resources/Info.plist;
				LD_RUNPATH_SEARCH_PATHS = (
					"$(inherited)",
					"@executable_path/Frameworks",
				);
				PRODUCT_BUNDLE_IDENTIFIER = com.fumira.timecamera;
				PRODUCT_NAME = FUMIRA;
				SDKROOT = iphoneos;
				TARGETED_DEVICE_FAMILY = 1;
			};
			name = Debug;
		};
		A858783ECA0F9D2263C5EA2D /* Release */ = {
			isa = XCBuildConfiguration;
			buildSettings = {
				BUNDLE_LOADER = "$(TEST_HOST)";
				GENERATE_INFOPLIST_FILE = YES;
				LD_RUNPATH_SEARCH_PATHS = (
					"$(inherited)",
					"@executable_path/Frameworks",
					"@loader_path/Frameworks",
				);
				PRODUCT_BUNDLE_IDENTIFIER = com.fumira.timecamera.uitests;
				SDKROOT = iphoneos;
				TARGETED_DEVICE_FAMILY = "1,2";
				TEST_TARGET_NAME = FUMIRA;
			};
			name = Release;
		};
		ACBBDED327669B121C7CAF7F /* Debug */ = {
			isa = XCBuildConfiguration;
			buildSettings = {
				APPLICATION_EXTENSION_API_ONLY = YES;
				DEVELOPMENT_TEAM = 5CQ49A8XPZ;
				INFOPLIST_FILE = FUMIRALiveActivity/Info.plist;
				LD_RUNPATH_SEARCH_PATHS = "$(inherited) @executable_path/../../Frameworks";
				PRODUCT_BUNDLE_IDENTIFIER = com.fumira.timecamera.liveactivity;
				PRODUCT_NAME = FUMIRALiveActivity;
				SDKROOT = iphoneos;
				SKIP_INSTALL = YES;
				TARGETED_DEVICE_FAMILY = 1;
			};
			name = Debug;
		};
		E8925C7F1BD4EE80D04A391E /* Release */ = {
			isa = XCBuildConfiguration;
			buildSettings = {
				ALWAYS_SEARCH_USER_PATHS = NO;
				CLANG_ANALYZER_NONNULL = YES;
				CLANG_ANALYZER_NUMBER_OBJECT_CONVERSION = YES_AGGRESSIVE;
				CLANG_CXX_LANGUAGE_STANDARD = "gnu++14";
				CLANG_CXX_LIBRARY = "libc++";
				CLANG_ENABLE_MODULES = YES;
				CLANG_ENABLE_OBJC_ARC = YES;
				CLANG_ENABLE_OBJC_WEAK = YES;
				CLANG_WARN_BLOCK_CAPTURE_AUTORELEASING = YES;
				CLANG_WARN_BOOL_CONVERSION = YES;
				CLANG_WARN_COMMA = YES;
				CLANG_WARN_CONSTANT_CONVERSION = YES;
				CLANG_WARN_DEPRECATED_OBJC_IMPLEMENTATIONS = YES;
				CLANG_WARN_DIRECT_OBJC_ISA_USAGE = YES_ERROR;
				CLANG_WARN_DOCUMENTATION_COMMENTS = YES;
				CLANG_WARN_EMPTY_BODY = YES;
				CLANG_WARN_ENUM_CONVERSION = YES;
				CLANG_WARN_INFINITE_RECURSION = YES;
				CLANG_WARN_INT_CONVERSION = YES;
				CLANG_WARN_NON_LITERAL_NULL_CONVERSION = YES;
				CLANG_WARN_OBJC_IMPLICIT_RETAIN_SELF = YES;
				CLANG_WARN_OBJC_LITERAL_CONVERSION = YES;
				CLANG_WARN_OBJC_ROOT_CLASS = YES_ERROR;
				CLANG_WARN_QUOTED_INCLUDE_IN_FRAMEWORK_HEADER = YES;
				CLANG_WARN_RANGE_LOOP_ANALYSIS = YES;
				CLANG_WARN_STRICT_PROTOTYPES = YES;
				CLANG_WARN_SUSPICIOUS_MOVE = YES;
				CLANG_WARN_UNGUARDED_AVAILABILITY = YES_AGGRESSIVE;
				CLANG_WARN_UNREACHABLE_CODE = YES;
				CLANG_WARN__DUPLICATE_METHOD_MATCH = YES;
				COPY_PHASE_STRIP = NO;
				DEBUG_INFORMATION_FORMAT = "dwarf-with-dsym";
				ENABLE_NS_ASSERTIONS = NO;
				ENABLE_STRICT_OBJC_MSGSEND = YES;
				ENABLE_USER_SCRIPT_SANDBOXING = YES;
				GCC_C_LANGUAGE_STANDARD = gnu11;
				GCC_NO_COMMON_BLOCKS = YES;
				GCC_WARN_64_TO_32_BIT_CONVERSION = YES;
				GCC_WARN_ABOUT_RETURN_TYPE = YES_ERROR;
				GCC_WARN_UNDECLARED_SELECTOR = YES;
				GCC_WARN_UNINITIALIZED_AUTOS = YES_AGGRESSIVE;
				GCC_WARN_UNUSED_FUNCTION = YES;
				GCC_WARN_UNUSED_VARIABLE = YES;
				IPHONEOS_DEPLOYMENT_TARGET = 17.0;
				MTL_ENABLE_DEBUG_INFO = NO;
				MTL_FAST_MATH = YES;
				PRODUCT_NAME = "$(TARGET_NAME)";
				SDKROOT = iphoneos;
				SWIFT_COMPILATION_MODE = wholemodule;
				SWIFT_OPTIMIZATION_LEVEL = "-O";
				SWIFT_STRICT_CONCURRENCY = complete;
				SWIFT_VERSION = 6.0;
			};
			name = Release;
		};
		EF13BAD38AEF7C3E52660028 /* Debug */ = {
			isa = XCBuildConfiguration;
			buildSettings = {
				ALWAYS_SEARCH_USER_PATHS = NO;
				CLANG_ANALYZER_NONNULL = YES;
				CLANG_ANALYZER_NUMBER_OBJECT_CONVERSION = YES_AGGRESSIVE;
				CLANG_CXX_LANGUAGE_STANDARD = "gnu++14";
				CLANG_CXX_LIBRARY = "libc++";
				CLANG_ENABLE_MODULES = YES;
				CLANG_ENABLE_OBJC_ARC = YES;
				CLANG_ENABLE_OBJC_WEAK = YES;
				CLANG_WARN_BLOCK_CAPTURE_AUTORELEASING = YES;
				CLANG_WARN_BOOL_CONVERSION = YES;
				CLANG_WARN_COMMA = YES;
				CLANG_WARN_CONSTANT_CONVERSION = YES;
				CLANG_WARN_DEPRECATED_OBJC_IMPLEMENTATIONS = YES;
				CLANG_WARN_DIRECT_OBJC_ISA_USAGE = YES_ERROR;
				CLANG_WARN_DOCUMENTATION_COMMENTS = YES;
				CLANG_WARN_EMPTY_BODY = YES;
				CLANG_WARN_ENUM_CONVERSION = YES;
				CLANG_WARN_INFINITE_RECURSION = YES;
				CLANG_WARN_INT_CONVERSION = YES;
				CLANG_WARN_NON_LITERAL_NULL_CONVERSION = YES;
				CLANG_WARN_OBJC_IMPLICIT_RETAIN_SELF = YES;
				CLANG_WARN_OBJC_LITERAL_CONVERSION = YES;
				CLANG_WARN_OBJC_ROOT_CLASS = YES_ERROR;
				CLANG_WARN_QUOTED_INCLUDE_IN_FRAMEWORK_HEADER = YES;
				CLANG_WARN_RANGE_LOOP_ANALYSIS = YES;
				CLANG_WARN_STRICT_PROTOTYPES = YES;
				CLANG_WARN_SUSPICIOUS_MOVE = YES;
				CLANG_WARN_UNGUARDED_AVAILABILITY = YES_AGGRESSIVE;
				CLANG_WARN_UNREACHABLE_CODE = YES;
				CLANG_WARN__DUPLICATE_METHOD_MATCH = YES;
				COPY_PHASE_STRIP = NO;
				DEBUG_INFORMATION_FORMAT = dwarf;
				ENABLE_STRICT_OBJC_MSGSEND = YES;
				ENABLE_TESTABILITY = YES;
				ENABLE_USER_SCRIPT_SANDBOXING = YES;
				GCC_C_LANGUAGE_STANDARD = gnu11;
				GCC_DYNAMIC_NO_PIC = NO;
				GCC_NO_COMMON_BLOCKS = YES;
				GCC_OPTIMIZATION_LEVEL = 0;
				GCC_PREPROCESSOR_DEFINITIONS = (
					"$(inherited)",
					"DEBUG=1",
				);
				GCC_WARN_64_TO_32_BIT_CONVERSION = YES;
				GCC_WARN_ABOUT_RETURN_TYPE = YES_ERROR;
				GCC_WARN_UNDECLARED_SELECTOR = YES;
				GCC_WARN_UNINITIALIZED_AUTOS = YES_AGGRESSIVE;
				GCC_WARN_UNUSED_FUNCTION = YES;
				GCC_WARN_UNUSED_VARIABLE = YES;
				IPHONEOS_DEPLOYMENT_TARGET = 17.0;
				MTL_ENABLE_DEBUG_INFO = INCLUDE_SOURCE;
				MTL_FAST_MATH = YES;
				ONLY_ACTIVE_ARCH = YES;
				PRODUCT_NAME = "$(TARGET_NAME)";
				SDKROOT = iphoneos;
				SWIFT_ACTIVE_COMPILATION_CONDITIONS = DEBUG;
				SWIFT_OPTIMIZATION_LEVEL = "-Onone";
				SWIFT_STRICT_CONCURRENCY = complete;
				SWIFT_VERSION = 6.0;
			};
			name = Debug;
		};
/* End XCBuildConfiguration section */

/* Begin XCConfigurationList section */
		1E7277751775A23F3BDA8C47 /* Build configuration list for PBXNativeTarget "FUMIRATests" */ = {
			isa = XCConfigurationList;
			buildConfigurations = (
				42F1BDE4EFDDEA972C791101 /* Debug */,
				0984887915F191B306EE4BCB /* Release */,
			);
			defaultConfigurationIsVisible = 0;
			defaultConfigurationName = Debug;
		};
		3AC905CFF1863A74C7D5AAB7 /* Build configuration list for PBXNativeTarget "FUMIRALiveActivity" */ = {
			isa = XCConfigurationList;
			buildConfigurations = (
				ACBBDED327669B121C7CAF7F /* Debug */,
				29D1C9C9CB4A42FB9BEB7616 /* Release */,
			);
			defaultConfigurationIsVisible = 0;
			defaultConfigurationName = Debug;
		};
		BEB9081D7D13E2B3C82C1B26 /* Build configuration list for PBXNativeTarget "FUMIRA" */ = {
			isa = XCConfigurationList;
			buildConfigurations = (
				A2B40DFC2755A57FB7C38250 /* Debug */,
				3A16806F5DF48BC92F6300B3 /* Release */,
			);
			defaultConfigurationIsVisible = 0;
			defaultConfigurationName = Debug;
		};
		D4D58B3CACBC7DA0F0CDA948 /* Build configuration list for PBXNativeTarget "FUMIRAUITests" */ = {
			isa = XCConfigurationList;
			buildConfigurations = (
				65891BB16F74EFBFFF3DD0C9 /* Debug */,
				A858783ECA0F9D2263C5EA2D /* Release */,
			);
			defaultConfigurationIsVisible = 0;
			defaultConfigurationName = Debug;
		};
		E383A91F0EFB5C162D22F065 /* Build configuration list for PBXProject "FUMIRA" */ = {
			isa = XCConfigurationList;
			buildConfigurations = (
				EF13BAD38AEF7C3E52660028 /* Debug */,
				E8925C7F1BD4EE80D04A391E /* Release */,
			);
			defaultConfigurationIsVisible = 0;
			defaultConfigurationName = Debug;
		};
/* End XCConfigurationList section */

/* Begin XCRemoteSwiftPackageReference section */
		25C683A343E7E40382992961 /* XCRemoteSwiftPackageReference "Pow" */ = {
			isa = XCRemoteSwiftPackageReference;
			repositoryURL = "https://github.com/EmergeTools/Pow";
			requirement = {
				kind = upToNextMajorVersion;
				minimumVersion = 1.0.6;
			};
		};
/* End XCRemoteSwiftPackageReference section */

/* Begin XCSwiftPackageProductDependency section */
		1E9CD90E9C8B381A4C9E5F67 /* Pow */ = {
			isa = XCSwiftPackageProductDependency;
			package = 25C683A343E7E40382992961 /* XCRemoteSwiftPackageReference "Pow" */;
			productName = Pow;
		};
/* End XCSwiftPackageProductDependency section */
	};
	rootObject = D89F7AE61C7C94BFF8044235 /* Project object */;
}
